// !$*UTF8*$!
{
	archiveVersion = 1;
	classes = {
	};
	objectVersion = 52;
	objects = {

/* Begin PBXBuildFile section */
		3C06549F22381567003BD932 /* ViewControllerImage.swift in Sources */ = {isa = PBXBuildFile; fileRef = 3C06549E22381567003BD932 /* ViewControllerImage.swift */; };
		3C0654A7223978BF003BD932 /* ViewControllerFirst.swift in Sources */ = {isa = PBXBuildFile; fileRef = 3C0654A6223978BF003BD932 /* ViewControllerFirst.swift */; };
		3C0654A922398041003BD932 /* ViewControllerTutorial.swift in Sources */ = {isa = PBXBuildFile; fileRef = 3C0654A822398041003BD932 /* ViewControllerTutorial.swift */; };
		3C0693432253D1EC0040DC0B /* InfoPlist.strings in Resources */ = {isa = PBXBuildFile; fileRef = 3C0693452253D1EC0040DC0B /* InfoPlist.strings */; };
		3C06934A2253DBD50040DC0B /* ProductManager.swift in Sources */ = {isa = PBXBuildFile; fileRef = 3C0693472253DBD40040DC0B /* ProductManager.swift */; };
		3C06934B2253DBD50040DC0B /* PurchaceManager.swift in Sources */ = {isa = PBXBuildFile; fileRef = 3C0693482253DBD50040DC0B /* PurchaceManager.swift */; };
		3C06934C2253DBD50040DC0B /* PurchaceViewController.swift in Sources */ = {isa = PBXBuildFile; fileRef = 3C0693492253DBD50040DC0B /* PurchaceViewController.swift */; };
		3C06934E2253E2610040DC0B /* StoreKit.framework in Frameworks */ = {isa = PBXBuildFile; fileRef = 3C06934D2253E2610040DC0B /* StoreKit.framework */; };
		3C0D4419224B106C001FCAAC /* TableViewControllerItemsEdit.swift in Sources */ = {isa = PBXBuildFile; fileRef = 3C0D4418224B106C001FCAAC /* TableViewControllerItemsEdit.swift */; };
		3C0D441D224C4949001FCAAC /* AuthenticationServices.framework in Frameworks */ = {isa = PBXBuildFile; fileRef = 3C0D441C224C4949001FCAAC /* AuthenticationServices.framework */; };
		3C40091222401D020028A45A /* CustomPlayerViewController.swift in Sources */ = {isa = PBXBuildFile; fileRef = 3C40091122401D020028A45A /* CustomPlayerViewController.swift */; };
		3C4009192240653C0028A45A /* Localizable.strings in Resources */ = {isa = PBXBuildFile; fileRef = 3C40091B2240653C0028A45A /* Localizable.strings */; };
		3C79B384225FE3DE0036E22F /* TableViewControllerPlaylist.swift in Sources */ = {isa = PBXBuildFile; fileRef = 3C79B383225FE3DE0036E22F /* TableViewControllerPlaylist.swift */; };
		3C79B38622608C4D0036E22F /* TableViewControllerPlayListFolder.swift in Sources */ = {isa = PBXBuildFile; fileRef = 3C79B38522608C4D0036E22F /* TableViewControllerPlayListFolder.swift */; };
		3CA2C9592234DE2D00481DB5 /* CollectionViewControllerCloud.swift in Sources */ = {isa = PBXBuildFile; fileRef = 3CA2C9582234DE2D00481DB5 /* CollectionViewControllerCloud.swift */; };
		3CA2C9632235969900481DB5 /* TableViewControllerItems.swift in Sources */ = {isa = PBXBuildFile; fileRef = 3CA2C9622235969900481DB5 /* TableViewControllerItems.swift */; };
		3CBBC1812252F5C70014AB10 /* ViewControllerTutorialPage.swift in Sources */ = {isa = PBXBuildFile; fileRef = 3CBBC1802252F5C70014AB10 /* ViewControllerTutorialPage.swift */; };
		3CC48515225719160003C44A /* CloudKit.framework in Frameworks */ = {isa = PBXBuildFile; fileRef = 3CC48514225719160003C44A /* CloudKit.framework */; };
		3CC4851D2258945B0003C44A /* Settings.bundle in Resources */ = {isa = PBXBuildFile; fileRef = 3CC4851C2258945B0003C44A /* Settings.bundle */; };
		3CC48521225AC1690003C44A /* NavigationControllerHide.swift in Sources */ = {isa = PBXBuildFile; fileRef = 3CC48520225AC1690003C44A /* NavigationControllerHide.swift */; };
		3CEF9AC9223EE865008F90B5 /* ViewControllerPDF.swift in Sources */ = {isa = PBXBuildFile; fileRef = 3CEF9AC8223EE865008F90B5 /* ViewControllerPDF.swift */; };
		3CF15E7922370B9300328A90 /* ViewControllerText.swift in Sources */ = {isa = PBXBuildFile; fileRef = 3CF15E7822370B9300328A90 /* ViewControllerText.swift */; };
		3CF89CF022333C14002FF0B5 /* TableViewControllerSetting.swift in Sources */ = {isa = PBXBuildFile; fileRef = 3CF89CEF22333C14002FF0B5 /* TableViewControllerSetting.swift */; };
		3CFCF699222F347A00843054 /* AppDelegate.swift in Sources */ = {isa = PBXBuildFile; fileRef = 3CFCF698222F347A00843054 /* AppDelegate.swift */; };
		3CFCF69E222F347A00843054 /* Main.storyboard in Resources */ = {isa = PBXBuildFile; fileRef = 3CFCF69C222F347A00843054 /* Main.storyboard */; };
		3CFCF6A3222F347B00843054 /* Assets.xcassets in Resources */ = {isa = PBXBuildFile; fileRef = 3CFCF6A2222F347B00843054 /* Assets.xcassets */; };
		3CFCF6A6222F347B00843054 /* LaunchScreen.storyboard in Resources */ = {isa = PBXBuildFile; fileRef = 3CFCF6A4222F347B00843054 /* LaunchScreen.storyboard */; };
		3CFCF6B1222F347B00843054 /* ccViewerTests.swift in Sources */ = {isa = PBXBuildFile; fileRef = 3CFCF6B0222F347B00843054 /* ccViewerTests.swift */; };
		3CFCF6BC222F347B00843054 /* ccViewerUITests.swift in Sources */ = {isa = PBXBuildFile; fileRef = 3CFCF6BB222F347B00843054 /* ccViewerUITests.swift */; };
		3CFCF6CA222F351900843054 /* TableViewControllerRoot.swift in Sources */ = {isa = PBXBuildFile; fileRef = 3CFCF6C9222F351900843054 /* TableViewControllerRoot.swift */; };
		3CFCF6CD223059AF00843054 /* ViewControllerProtect.swift in Sources */ = {isa = PBXBuildFile; fileRef = 3CFCF6CC223059AF00843054 /* ViewControllerProtect.swift */; };
		3F19BBBA23241FA30040ED19 /* Accelerate.framework in Frameworks */ = {isa = PBXBuildFile; fileRef = 3F19BBB923241FA30040ED19 /* Accelerate.framework */; };
		3F19BBBC23241FAC0040ED19 /* AudioToolbox.framework in Frameworks */ = {isa = PBXBuildFile; fileRef = 3F19BBBB23241FAC0040ED19 /* AudioToolbox.framework */; };
		3F19BBBE23241FB60040ED19 /* AVFoundation.framework in Frameworks */ = {isa = PBXBuildFile; fileRef = 3F19BBBD23241FB50040ED19 /* AVFoundation.framework */; };
		3F19BBC023241FBE0040ED19 /* CFNetwork.framework in Frameworks */ = {isa = PBXBuildFile; fileRef = 3F19BBBF23241FBE0040ED19 /* CFNetwork.framework */; };
		3F19BBC423241FCF0040ED19 /* CoreData.framework in Frameworks */ = {isa = PBXBuildFile; fileRef = 3F19BBC323241FCF0040ED19 /* CoreData.framework */; };
		3F19BBC623241FD90040ED19 /* CoreGraphics.framework in Frameworks */ = {isa = PBXBuildFile; fileRef = 3F19BBC523241FD90040ED19 /* CoreGraphics.framework */; };
		3F19BBC823241FE10040ED19 /* CoreMedia.framework in Frameworks */ = {isa = PBXBuildFile; fileRef = 3F19BBC723241FE10040ED19 /* CoreMedia.framework */; };
		3F19BBCA23241FE90040ED19 /* CoreText.framework in Frameworks */ = {isa = PBXBuildFile; fileRef = 3F19BBC923241FE90040ED19 /* CoreText.framework */; };
		3F19BBCC23241FF20040ED19 /* Foundation.framework in Frameworks */ = {isa = PBXBuildFile; fileRef = 3F19BBCB23241FF20040ED19 /* Foundation.framework */; };
		3F19BBD0232420180040ED19 /* MediaAccessibility.framework in Frameworks */ = {isa = PBXBuildFile; fileRef = 3F19BBCF232420180040ED19 /* MediaAccessibility.framework */; };
		3F19BBD2232420200040ED19 /* MediaPlayer.framework in Frameworks */ = {isa = PBXBuildFile; fileRef = 3F19BBD1232420200040ED19 /* MediaPlayer.framework */; };
		3F19BBD4232420280040ED19 /* QuartzCore.framework in Frameworks */ = {isa = PBXBuildFile; fileRef = 3F19BBD3232420280040ED19 /* QuartzCore.framework */; };
		3F19BBD62324202F0040ED19 /* Security.framework in Frameworks */ = {isa = PBXBuildFile; fileRef = 3F19BBD52324202F0040ED19 /* Security.framework */; };
		3F19BBD82324203C0040ED19 /* SystemConfiguration.framework in Frameworks */ = {isa = PBXBuildFile; fileRef = 3F19BBD72324203C0040ED19 /* SystemConfiguration.framework */; };
		3F19BBDA232420450040ED19 /* UIKit.framework in Frameworks */ = {isa = PBXBuildFile; fileRef = 3F19BBD9232420450040ED19 /* UIKit.framework */; };
		3F19BBDC232420670040ED19 /* libc++.tbd in Frameworks */ = {isa = PBXBuildFile; fileRef = 3F19BBDB232420670040ED19 /* libc++.tbd */; };
		3F19BC1C232455C80040ED19 /* ffconverter.framework in Frameworks */ = {isa = PBXBuildFile; fileRef = 3F19BC1B232455C80040ED19 /* ffconverter.framework */; };
		3F19BC1D232455C80040ED19 /* ffconverter.framework in Embed Frameworks */ = {isa = PBXBuildFile; fileRef = 3F19BC1B232455C80040ED19 /* ffconverter.framework */; settings = {ATTRIBUTES = (CodeSignOnCopy, RemoveHeadersOnCopy, ); }; };
		3F19BC1F232455C80040ED19 /* ffplayer.framework in Frameworks */ = {isa = PBXBuildFile; fileRef = 3F19BC1E232455C80040ED19 /* ffplayer.framework */; };
		3F19BC20232455C80040ED19 /* ffplayer.framework in Embed Frameworks */ = {isa = PBXBuildFile; fileRef = 3F19BC1E232455C80040ED19 /* ffplayer.framework */; settings = {ATTRIBUTES = (CodeSignOnCopy, RemoveHeadersOnCopy, ); }; };
		3F19BC22232455C80040ED19 /* RemoteCloud.framework in Frameworks */ = {isa = PBXBuildFile; fileRef = 3F19BC21232455C80040ED19 /* RemoteCloud.framework */; };
		3F19BC23232455C80040ED19 /* RemoteCloud.framework in Embed Frameworks */ = {isa = PBXBuildFile; fileRef = 3F19BC21232455C80040ED19 /* RemoteCloud.framework */; settings = {ATTRIBUTES = (CodeSignOnCopy, RemoveHeadersOnCopy, ); }; };
		3F3D274423743B00009A4C52 /* TimePickerKeyboard.swift in Sources */ = {isa = PBXBuildFile; fileRef = 3F3D274323743B00009A4C52 /* TimePickerKeyboard.swift */; };
		3F48A078237AFDFF008B6690 /* GoogleCast.framework in Frameworks */ = {isa = PBXBuildFile; fileRef = 3F48A076237AFD99008B6690 /* GoogleCast.framework */; platformFilter = ios; };
		3F48A079237AFDFF008B6690 /* GoogleCast.framework in Embed Frameworks */ = {isa = PBXBuildFile; fileRef = 3F48A076237AFD99008B6690 /* GoogleCast.framework */; platformFilter = ios; settings = {ATTRIBUTES = (CodeSignOnCopy, RemoveHeadersOnCopy, ); }; };
		3F92E7032336B1F700D1FF9B /* Media.xcassets in Resources */ = {isa = PBXBuildFile; fileRef = 3F92E7022336B1F700D1FF9B /* Media.xcassets */; };
		3FA954D62322EC22005B086A /* ViewControllerConvert.swift in Sources */ = {isa = PBXBuildFile; fileRef = 3FA954D52322EC22005B086A /* ViewControllerConvert.swift */; };
		3FC2F2392381355800EB747C /* ccViewer.help in Resources */ = {isa = PBXBuildFile; fileRef = 3FC2F2382381355800EB747C /* ccViewer.help */; };
/* End PBXBuildFile section */

/* Begin PBXContainerItemProxy section */
		3CFCF6AD222F347B00843054 /* PBXContainerItemProxy */ = {
			isa = PBXContainerItemProxy;
			containerPortal = 3CFCF68D222F347900843054 /* Project object */;
			proxyType = 1;
			remoteGlobalIDString = 3CFCF694222F347A00843054;
			remoteInfo = ccViewer;
		};
		3CFCF6B8222F347B00843054 /* PBXContainerItemProxy */ = {
			isa = PBXContainerItemProxy;
			containerPortal = 3CFCF68D222F347900843054 /* Project object */;
			proxyType = 1;
			remoteGlobalIDString = 3CFCF694222F347A00843054;
			remoteInfo = ccViewer;
		};
/* End PBXContainerItemProxy section */

/* Begin PBXCopyFilesBuildPhase section */
		3CA2C9552234980C00481DB5 /* Embed Frameworks */ = {
			isa = PBXCopyFilesBuildPhase;
			buildActionMask = 2147483647;
			dstPath = "";
			dstSubfolderSpec = 10;
			files = (
				3F48A079237AFDFF008B6690 /* GoogleCast.framework in Embed Frameworks */,
				3F19BC23232455C80040ED19 /* RemoteCloud.framework in Embed Frameworks */,
				3F19BC20232455C80040ED19 /* ffplayer.framework in Embed Frameworks */,
				3F19BC1D232455C80040ED19 /* ffconverter.framework in Embed Frameworks */,
			);
			name = "Embed Frameworks";
			runOnlyForDeploymentPostprocessing = 0;
		};
/* End PBXCopyFilesBuildPhase section */

/* Begin PBXFileReference section */
		3C06549E22381567003BD932 /* ViewControllerImage.swift */ = {isa = PBXFileReference; lastKnownFileType = sourcecode.swift; path = ViewControllerImage.swift; sourceTree = "<group>"; };
		3C0654A6223978BF003BD932 /* ViewControllerFirst.swift */ = {isa = PBXFileReference; lastKnownFileType = sourcecode.swift; path = ViewControllerFirst.swift; sourceTree = "<group>"; };
		3C0654A822398041003BD932 /* ViewControllerTutorial.swift */ = {isa = PBXFileReference; lastKnownFileType = sourcecode.swift; path = ViewControllerTutorial.swift; sourceTree = "<group>"; };
		3C0693342253CCD40040DC0B /* Info.plist */ = {isa = PBXFileReference; lastKnownFileType = text.plist.xml; path = Info.plist; sourceTree = "<group>"; };
		3C0693442253D1EC0040DC0B /* en */ = {isa = PBXFileReference; lastKnownFileType = text.plist.strings; name = en; path = en.lproj/InfoPlist.strings; sourceTree = "<group>"; };
		3C0693462253D1F00040DC0B /* ja */ = {isa = PBXFileReference; lastKnownFileType = text.plist.strings; name = ja; path = ja.lproj/InfoPlist.strings; sourceTree = "<group>"; };
		3C0693472253DBD40040DC0B /* ProductManager.swift */ = {isa = PBXFileReference; fileEncoding = 4; lastKnownFileType = sourcecode.swift; path = ProductManager.swift; sourceTree = "<group>"; };
		3C0693482253DBD50040DC0B /* PurchaceManager.swift */ = {isa = PBXFileReference; fileEncoding = 4; lastKnownFileType = sourcecode.swift; path = PurchaceManager.swift; sourceTree = "<group>"; };
		3C0693492253DBD50040DC0B /* PurchaceViewController.swift */ = {isa = PBXFileReference; fileEncoding = 4; lastKnownFileType = sourcecode.swift; path = PurchaceViewController.swift; sourceTree = "<group>"; };
		3C06934D2253E2610040DC0B /* StoreKit.framework */ = {isa = PBXFileReference; lastKnownFileType = wrapper.framework; name = StoreKit.framework; path = System/Library/Frameworks/StoreKit.framework; sourceTree = SDKROOT; };
		3C0D4418224B106C001FCAAC /* TableViewControllerItemsEdit.swift */ = {isa = PBXFileReference; lastKnownFileType = sourcecode.swift; path = TableViewControllerItemsEdit.swift; sourceTree = "<group>"; };
		3C0D441C224C4949001FCAAC /* AuthenticationServices.framework */ = {isa = PBXFileReference; lastKnownFileType = wrapper.framework; name = AuthenticationServices.framework; path = System/Library/Frameworks/AuthenticationServices.framework; sourceTree = SDKROOT; };
		3C40091122401D020028A45A /* CustomPlayerViewController.swift */ = {isa = PBXFileReference; lastKnownFileType = sourcecode.swift; path = CustomPlayerViewController.swift; sourceTree = "<group>"; };
		3C400915224060CA0028A45A /* ja */ = {isa = PBXFileReference; lastKnownFileType = text.plist.strings; name = ja; path = ja.lproj/LaunchScreen.strings; sourceTree = "<group>"; };
		3C400916224060CA0028A45A /* ja */ = {isa = PBXFileReference; lastKnownFileType = text.plist.strings; name = ja; path = ja.lproj/Main.strings; sourceTree = "<group>"; };
		3C40091A2240653C0028A45A /* en */ = {isa = PBXFileReference; lastKnownFileType = text.plist.strings; name = en; path = en.lproj/Localizable.strings; sourceTree = "<group>"; };
		3C40091C2240653F0028A45A /* ja */ = {isa = PBXFileReference; lastKnownFileType = text.plist.strings; name = ja; path = ja.lproj/Localizable.strings; sourceTree = "<group>"; };
		3C79B383225FE3DE0036E22F /* TableViewControllerPlaylist.swift */ = {isa = PBXFileReference; lastKnownFileType = sourcecode.swift; path = TableViewControllerPlaylist.swift; sourceTree = "<group>"; };
		3C79B38522608C4D0036E22F /* TableViewControllerPlayListFolder.swift */ = {isa = PBXFileReference; lastKnownFileType = sourcecode.swift; path = TableViewControllerPlayListFolder.swift; sourceTree = "<group>"; };
		3CA2C9582234DE2D00481DB5 /* CollectionViewControllerCloud.swift */ = {isa = PBXFileReference; lastKnownFileType = sourcecode.swift; path = CollectionViewControllerCloud.swift; sourceTree = "<group>"; };
		3CA2C96122355E9B00481DB5 /* ccViewer.entitlements */ = {isa = PBXFileReference; lastKnownFileType = text.plist.entitlements; path = ccViewer.entitlements; sourceTree = "<group>"; };
		3CA2C9622235969900481DB5 /* TableViewControllerItems.swift */ = {isa = PBXFileReference; lastKnownFileType = sourcecode.swift; path = TableViewControllerItems.swift; sourceTree = "<group>"; };
		3CBBC1802252F5C70014AB10 /* ViewControllerTutorialPage.swift */ = {isa = PBXFileReference; lastKnownFileType = sourcecode.swift; path = ViewControllerTutorialPage.swift; sourceTree = "<group>"; };
		3CC48514225719160003C44A /* CloudKit.framework */ = {isa = PBXFileReference; lastKnownFileType = wrapper.framework; name = CloudKit.framework; path = System/Library/Frameworks/CloudKit.framework; sourceTree = SDKROOT; };
		3CC4851C2258945B0003C44A /* Settings.bundle */ = {isa = PBXFileReference; lastKnownFileType = "wrapper.plug-in"; path = Settings.bundle; sourceTree = "<group>"; };
		3CC48520225AC1690003C44A /* NavigationControllerHide.swift */ = {isa = PBXFileReference; lastKnownFileType = sourcecode.swift; path = NavigationControllerHide.swift; sourceTree = "<group>"; };
		3CEF9AC8223EE865008F90B5 /* ViewControllerPDF.swift */ = {isa = PBXFileReference; lastKnownFileType = sourcecode.swift; path = ViewControllerPDF.swift; sourceTree = "<group>"; };
		3CF15E7822370B9300328A90 /* ViewControllerText.swift */ = {isa = PBXFileReference; lastKnownFileType = sourcecode.swift; path = ViewControllerText.swift; sourceTree = "<group>"; };
		3CF89CEF22333C14002FF0B5 /* TableViewControllerSetting.swift */ = {isa = PBXFileReference; lastKnownFileType = sourcecode.swift; path = TableViewControllerSetting.swift; sourceTree = "<group>"; };
		3CFCF695222F347A00843054 /* CryptCloudViewer.app */ = {isa = PBXFileReference; explicitFileType = wrapper.application; includeInIndex = 0; path = CryptCloudViewer.app; sourceTree = BUILT_PRODUCTS_DIR; };
		3CFCF698222F347A00843054 /* AppDelegate.swift */ = {isa = PBXFileReference; lastKnownFileType = sourcecode.swift; path = AppDelegate.swift; sourceTree = "<group>"; };
		3CFCF69D222F347A00843054 /* Base */ = {isa = PBXFileReference; lastKnownFileType = file.storyboard; name = Base; path = Base.lproj/Main.storyboard; sourceTree = "<group>"; };
		3CFCF6A2222F347B00843054 /* Assets.xcassets */ = {isa = PBXFileReference; lastKnownFileType = folder.assetcatalog; path = Assets.xcassets; sourceTree = "<group>"; };
		3CFCF6A5222F347B00843054 /* Base */ = {isa = PBXFileReference; lastKnownFileType = file.storyboard; name = Base; path = Base.lproj/LaunchScreen.storyboard; sourceTree = "<group>"; };
		3CFCF6AC222F347B00843054 /* CryptCloudViewerTests.xctest */ = {isa = PBXFileReference; explicitFileType = wrapper.cfbundle; includeInIndex = 0; path = CryptCloudViewerTests.xctest; sourceTree = BUILT_PRODUCTS_DIR; };
		3CFCF6B0222F347B00843054 /* ccViewerTests.swift */ = {isa = PBXFileReference; lastKnownFileType = sourcecode.swift; path = ccViewerTests.swift; sourceTree = "<group>"; };
		3CFCF6B2222F347B00843054 /* Info.plist */ = {isa = PBXFileReference; lastKnownFileType = text.plist.xml; path = Info.plist; sourceTree = "<group>"; };
		3CFCF6B7222F347B00843054 /* CryptCloudViewerUITests.xctest */ = {isa = PBXFileReference; explicitFileType = wrapper.cfbundle; includeInIndex = 0; path = CryptCloudViewerUITests.xctest; sourceTree = BUILT_PRODUCTS_DIR; };
		3CFCF6BB222F347B00843054 /* ccViewerUITests.swift */ = {isa = PBXFileReference; lastKnownFileType = sourcecode.swift; path = ccViewerUITests.swift; sourceTree = "<group>"; };
		3CFCF6BD222F347B00843054 /* Info.plist */ = {isa = PBXFileReference; lastKnownFileType = text.plist.xml; path = Info.plist; sourceTree = "<group>"; };
		3CFCF6C9222F351900843054 /* TableViewControllerRoot.swift */ = {isa = PBXFileReference; lastKnownFileType = sourcecode.swift; path = TableViewControllerRoot.swift; sourceTree = "<group>"; };
		3CFCF6CC223059AF00843054 /* ViewControllerProtect.swift */ = {isa = PBXFileReference; lastKnownFileType = sourcecode.swift; path = ViewControllerProtect.swift; sourceTree = "<group>"; };
		3F19BBB923241FA30040ED19 /* Accelerate.framework */ = {isa = PBXFileReference; lastKnownFileType = wrapper.framework; name = Accelerate.framework; path = System/Library/Frameworks/Accelerate.framework; sourceTree = SDKROOT; };
		3F19BBBB23241FAC0040ED19 /* AudioToolbox.framework */ = {isa = PBXFileReference; lastKnownFileType = wrapper.framework; name = AudioToolbox.framework; path = System/Library/Frameworks/AudioToolbox.framework; sourceTree = SDKROOT; };
		3F19BBBD23241FB50040ED19 /* AVFoundation.framework */ = {isa = PBXFileReference; lastKnownFileType = wrapper.framework; name = AVFoundation.framework; path = System/Library/Frameworks/AVFoundation.framework; sourceTree = SDKROOT; };
		3F19BBBF23241FBE0040ED19 /* CFNetwork.framework */ = {isa = PBXFileReference; lastKnownFileType = wrapper.framework; name = CFNetwork.framework; path = System/Library/Frameworks/CFNetwork.framework; sourceTree = SDKROOT; };
		3F19BBC123241FC70040ED19 /* CoreBluetooth.framework */ = {isa = PBXFileReference; lastKnownFileType = wrapper.framework; name = CoreBluetooth.framework; path = System/Library/Frameworks/CoreBluetooth.framework; sourceTree = SDKROOT; };
		3F19BBC323241FCF0040ED19 /* CoreData.framework */ = {isa = PBXFileReference; lastKnownFileType = wrapper.framework; name = CoreData.framework; path = System/Library/Frameworks/CoreData.framework; sourceTree = SDKROOT; };
		3F19BBC523241FD90040ED19 /* CoreGraphics.framework */ = {isa = PBXFileReference; lastKnownFileType = wrapper.framework; name = CoreGraphics.framework; path = System/Library/Frameworks/CoreGraphics.framework; sourceTree = SDKROOT; };
		3F19BBC723241FE10040ED19 /* CoreMedia.framework */ = {isa = PBXFileReference; lastKnownFileType = wrapper.framework; name = CoreMedia.framework; path = System/Library/Frameworks/CoreMedia.framework; sourceTree = SDKROOT; };
		3F19BBC923241FE90040ED19 /* CoreText.framework */ = {isa = PBXFileReference; lastKnownFileType = wrapper.framework; name = CoreText.framework; path = System/Library/Frameworks/CoreText.framework; sourceTree = SDKROOT; };
		3F19BBCB23241FF20040ED19 /* Foundation.framework */ = {isa = PBXFileReference; lastKnownFileType = wrapper.framework; name = Foundation.framework; path = System/Library/Frameworks/Foundation.framework; sourceTree = SDKROOT; };
		3F19BBCF232420180040ED19 /* MediaAccessibility.framework */ = {isa = PBXFileReference; lastKnownFileType = wrapper.framework; name = MediaAccessibility.framework; path = System/Library/Frameworks/MediaAccessibility.framework; sourceTree = SDKROOT; };
		3F19BBD1232420200040ED19 /* MediaPlayer.framework */ = {isa = PBXFileReference; lastKnownFileType = wrapper.framework; name = MediaPlayer.framework; path = System/Library/Frameworks/MediaPlayer.framework; sourceTree = SDKROOT; };
		3F19BBD3232420280040ED19 /* QuartzCore.framework */ = {isa = PBXFileReference; lastKnownFileType = wrapper.framework; name = QuartzCore.framework; path = System/Library/Frameworks/QuartzCore.framework; sourceTree = SDKROOT; };
		3F19BBD52324202F0040ED19 /* Security.framework */ = {isa = PBXFileReference; lastKnownFileType = wrapper.framework; name = Security.framework; path = System/Library/Frameworks/Security.framework; sourceTree = SDKROOT; };
		3F19BBD72324203C0040ED19 /* SystemConfiguration.framework */ = {isa = PBXFileReference; lastKnownFileType = wrapper.framework; name = SystemConfiguration.framework; path = System/Library/Frameworks/SystemConfiguration.framework; sourceTree = SDKROOT; };
		3F19BBD9232420450040ED19 /* UIKit.framework */ = {isa = PBXFileReference; lastKnownFileType = wrapper.framework; name = UIKit.framework; path = System/Library/Frameworks/UIKit.framework; sourceTree = SDKROOT; };
		3F19BBDB232420670040ED19 /* libc++.tbd */ = {isa = PBXFileReference; lastKnownFileType = "sourcecode.text-based-dylib-definition"; name = "libc++.tbd"; path = "usr/lib/libc++.tbd"; sourceTree = SDKROOT; };
		3F19BBE6232422390040ED19 /* strip_unused_archs.sh */ = {isa = PBXFileReference; lastKnownFileType = text.script.sh; path = strip_unused_archs.sh; sourceTree = "<group>"; };
		3F19BBE8232422390040ED19 /* utf.html */ = {isa = PBXFileReference; lastKnownFileType = text.html; path = utf.html; sourceTree = "<group>"; };
		3F19BBE9232422390040ED19 /* stl.html */ = {isa = PBXFileReference; lastKnownFileType = text.html; path = stl.html; sourceTree = "<group>"; };
		3F19BBEA232422390040ED19 /* libresample.html */ = {isa = PBXFileReference; lastKnownFileType = text.html; path = libresample.html; sourceTree = "<group>"; };
		3F19BBEB232422390040ED19 /* zlib.html */ = {isa = PBXFileReference; lastKnownFileType = text.html; path = zlib.html; sourceTree = "<group>"; };
		3F19BBEC232422390040ED19 /* dynamic_annotations.html */ = {isa = PBXFileReference; lastKnownFileType = text.html; path = dynamic_annotations.html; sourceTree = "<group>"; };
		3F19BBED232422390040ED19 /* tz.html */ = {isa = PBXFileReference; lastKnownFileType = text.html; path = tz.html; sourceTree = "<group>"; };
		3F19BBEE232422390040ED19 /* kissfft.html */ = {isa = PBXFileReference; lastKnownFileType = text.html; path = kissfft.html; sourceTree = "<group>"; };
		3F19BBEF232422390040ED19 /* oss_licenses_index.txt */ = {isa = PBXFileReference; lastKnownFileType = text; path = oss_licenses_index.txt; sourceTree = "<group>"; };
		3F19BBF0232422390040ED19 /* pcre.html */ = {isa = PBXFileReference; lastKnownFileType = text.html; path = pcre.html; sourceTree = "<group>"; };
		3F19BBF1232422390040ED19 /* icu.html */ = {isa = PBXFileReference; lastKnownFileType = text.html; path = icu.html; sourceTree = "<group>"; };
		3F19BBF2232422390040ED19 /* eigen3.html */ = {isa = PBXFileReference; lastKnownFileType = text.html; path = eigen3.html; sourceTree = "<group>"; };
		3F19BBF3232422390040ED19 /* re2.html */ = {isa = PBXFileReference; lastKnownFileType = text.html; path = re2.html; sourceTree = "<group>"; };
		3F19BBF4232422390040ED19 /* GoogleCast.framework */ = {isa = PBXFileReference; lastKnownFileType = wrapper.framework; path = GoogleCast.framework; sourceTree = "<group>"; };
		3F19BC1B232455C80040ED19 /* ffconverter.framework */ = {isa = PBXFileReference; explicitFileType = wrapper.framework; path = ffconverter.framework; sourceTree = BUILT_PRODUCTS_DIR; };
		3F19BC1E232455C80040ED19 /* ffplayer.framework */ = {isa = PBXFileReference; explicitFileType = wrapper.framework; path = ffplayer.framework; sourceTree = BUILT_PRODUCTS_DIR; };
		3F19BC21232455C80040ED19 /* RemoteCloud.framework */ = {isa = PBXFileReference; explicitFileType = wrapper.framework; path = RemoteCloud.framework; sourceTree = BUILT_PRODUCTS_DIR; };
		3F3D274323743B00009A4C52 /* TimePickerKeyboard.swift */ = {isa = PBXFileReference; lastKnownFileType = sourcecode.swift; path = TimePickerKeyboard.swift; sourceTree = "<group>"; };
		3F48A076237AFD99008B6690 /* GoogleCast.framework */ = {isa = PBXFileReference; lastKnownFileType = wrapper.framework; name = GoogleCast.framework; path = "../GoogleCastSDK-ios-4.4.6_dynamic/GoogleCast.framework"; sourceTree = "<group>"; };
		3F9151D5236C191600E5EF65 /* GoogleCast.framework */ = {isa = PBXFileReference; lastKnownFileType = wrapper.framework; name = GoogleCast.framework; path = "../GoogleCastSDK-ios-4.4.5_dynamic/GoogleCast.framework"; sourceTree = "<group>"; };
		3F92E7022336B1F700D1FF9B /* Media.xcassets */ = {isa = PBXFileReference; lastKnownFileType = folder.assetcatalog; path = Media.xcassets; sourceTree = "<group>"; };
		3FA954D52322EC22005B086A /* ViewControllerConvert.swift */ = {isa = PBXFileReference; lastKnownFileType = sourcecode.swift; path = ViewControllerConvert.swift; sourceTree = "<group>"; };
		3FC2F2382381355800EB747C /* ccViewer.help */ = {isa = PBXFileReference; lastKnownFileType = folder; path = ccViewer.help; sourceTree = "<group>"; };
/* End PBXFileReference section */

/* Begin PBXFrameworksBuildPhase section */
		3CFCF692222F347A00843054 /* Frameworks */ = {
			isa = PBXFrameworksBuildPhase;
			buildActionMask = 2147483647;
			files = (
				3F19BBDC232420670040ED19 /* libc++.tbd in Frameworks */,
				3F19BC1C232455C80040ED19 /* ffconverter.framework in Frameworks */,
				3F19BBDA232420450040ED19 /* UIKit.framework in Frameworks */,
				3F19BBD82324203C0040ED19 /* SystemConfiguration.framework in Frameworks */,
				3F19BC22232455C80040ED19 /* RemoteCloud.framework in Frameworks */,
				3F19BBD62324202F0040ED19 /* Security.framework in Frameworks */,
				3F19BBD4232420280040ED19 /* QuartzCore.framework in Frameworks */,
				3F19BC1F232455C80040ED19 /* ffplayer.framework in Frameworks */,
				3F19BBD2232420200040ED19 /* MediaPlayer.framework in Frameworks */,
				3F19BBD0232420180040ED19 /* MediaAccessibility.framework in Frameworks */,
				3F19BBCC23241FF20040ED19 /* Foundation.framework in Frameworks */,
				3F19BBCA23241FE90040ED19 /* CoreText.framework in Frameworks */,
				3F19BBC823241FE10040ED19 /* CoreMedia.framework in Frameworks */,
				3F19BBC623241FD90040ED19 /* CoreGraphics.framework in Frameworks */,
				3F19BBC423241FCF0040ED19 /* CoreData.framework in Frameworks */,
				3F19BBC023241FBE0040ED19 /* CFNetwork.framework in Frameworks */,
				3F48A078237AFDFF008B6690 /* GoogleCast.framework in Frameworks */,
				3F19BBBE23241FB60040ED19 /* AVFoundation.framework in Frameworks */,
				3F19BBBC23241FAC0040ED19 /* AudioToolbox.framework in Frameworks */,
				3F19BBBA23241FA30040ED19 /* Accelerate.framework in Frameworks */,
				3CC48515225719160003C44A /* CloudKit.framework in Frameworks */,
				3C0D441D224C4949001FCAAC /* AuthenticationServices.framework in Frameworks */,
				3C06934E2253E2610040DC0B /* StoreKit.framework in Frameworks */,
			);
			runOnlyForDeploymentPostprocessing = 0;
		};
		3CFCF6A9222F347B00843054 /* Frameworks */ = {
			isa = PBXFrameworksBuildPhase;
			buildActionMask = 2147483647;
			files = (
			);
			runOnlyForDeploymentPostprocessing = 0;
		};
		3CFCF6B4222F347B00843054 /* Frameworks */ = {
			isa = PBXFrameworksBuildPhase;
			buildActionMask = 2147483647;
			files = (
			);
			runOnlyForDeploymentPostprocessing = 0;
		};
/* End PBXFrameworksBuildPhase section */

/* Begin PBXGroup section */
		3CA2C9482234956100481DB5 /* Frameworks */ = {
			isa = PBXGroup;
			children = (
				3F9151D5236C191600E5EF65 /* GoogleCast.framework */,
				3F19BBE4232422390040ED19 /* GoogleCastSDK-ios-4.4.4_dynamic */,
				3F19BBDB232420670040ED19 /* libc++.tbd */,
				3F19BBD9232420450040ED19 /* UIKit.framework */,
				3F19BBD72324203C0040ED19 /* SystemConfiguration.framework */,
				3F19BBD52324202F0040ED19 /* Security.framework */,
				3F19BBD3232420280040ED19 /* QuartzCore.framework */,
				3F19BBD1232420200040ED19 /* MediaPlayer.framework */,
				3F19BBCF232420180040ED19 /* MediaAccessibility.framework */,
				3F19BBCB23241FF20040ED19 /* Foundation.framework */,
				3F19BBC923241FE90040ED19 /* CoreText.framework */,
				3F19BBC723241FE10040ED19 /* CoreMedia.framework */,
				3F19BBC523241FD90040ED19 /* CoreGraphics.framework */,
				3F19BBC323241FCF0040ED19 /* CoreData.framework */,
				3F19BBC123241FC70040ED19 /* CoreBluetooth.framework */,
				3F19BBBF23241FBE0040ED19 /* CFNetwork.framework */,
				3F19BBBD23241FB50040ED19 /* AVFoundation.framework */,
				3F19BBBB23241FAC0040ED19 /* AudioToolbox.framework */,
				3F19BBB923241FA30040ED19 /* Accelerate.framework */,
				3CC48514225719160003C44A /* CloudKit.framework */,
				3C06934D2253E2610040DC0B /* StoreKit.framework */,
				3C0D441C224C4949001FCAAC /* AuthenticationServices.framework */,
			);
			name = Frameworks;
			sourceTree = "<group>";
		};
		3CFCF68C222F347900843054 = {
			isa = PBXGroup;
			children = (
				3F48A076237AFD99008B6690 /* GoogleCast.framework */,
				3F19BC21232455C80040ED19 /* RemoteCloud.framework */,
				3F19BC1E232455C80040ED19 /* ffplayer.framework */,
				3F19BC1B232455C80040ED19 /* ffconverter.framework */,
				3CC4851C2258945B0003C44A /* Settings.bundle */,
				3CFCF697222F347A00843054 /* ccViewer */,
				3CFCF6AF222F347B00843054 /* ccViewerTests */,
				3CFCF6BA222F347B00843054 /* ccViewerUITests */,
				3CFCF696222F347A00843054 /* Products */,
				3CA2C9482234956100481DB5 /* Frameworks */,
			);
			sourceTree = "<group>";
		};
		3CFCF696222F347A00843054 /* Products */ = {
			isa = PBXGroup;
			children = (
				3CFCF695222F347A00843054 /* CryptCloudViewer.app */,
				3CFCF6AC222F347B00843054 /* CryptCloudViewerTests.xctest */,
				3CFCF6B7222F347B00843054 /* CryptCloudViewerUITests.xctest */,
			);
			name = Products;
			sourceTree = "<group>";
		};
		3CFCF697222F347A00843054 /* ccViewer */ = {
			isa = PBXGroup;
			children = (
				3CA2C96122355E9B00481DB5 /* ccViewer.entitlements */,
				3FC2F2382381355800EB747C /* ccViewer.help */,
				3C0693342253CCD40040DC0B /* Info.plist */,
				3CFCF698222F347A00843054 /* AppDelegate.swift */,
				3CA2C9582234DE2D00481DB5 /* CollectionViewControllerCloud.swift */,
				3C40091122401D020028A45A /* CustomPlayerViewController.swift */,
				3CC48520225AC1690003C44A /* NavigationControllerHide.swift */,
				3C0693472253DBD40040DC0B /* ProductManager.swift */,
				3C0693482253DBD50040DC0B /* PurchaceManager.swift */,
				3C0693492253DBD50040DC0B /* PurchaceViewController.swift */,
				3CA2C9622235969900481DB5 /* TableViewControllerItems.swift */,
				3C0D4418224B106C001FCAAC /* TableViewControllerItemsEdit.swift */,
				3C79B383225FE3DE0036E22F /* TableViewControllerPlaylist.swift */,
				3C79B38522608C4D0036E22F /* TableViewControllerPlayListFolder.swift */,
				3CFCF6C9222F351900843054 /* TableViewControllerRoot.swift */,
				3CF89CEF22333C14002FF0B5 /* TableViewControllerSetting.swift */,
				3F3D274323743B00009A4C52 /* TimePickerKeyboard.swift */,
				3FA954D52322EC22005B086A /* ViewControllerConvert.swift */,
				3C0654A6223978BF003BD932 /* ViewControllerFirst.swift */,
				3C06549E22381567003BD932 /* ViewControllerImage.swift */,
				3CEF9AC8223EE865008F90B5 /* ViewControllerPDF.swift */,
				3CFCF6CC223059AF00843054 /* ViewControllerProtect.swift */,
				3CF15E7822370B9300328A90 /* ViewControllerText.swift */,
				3C0654A822398041003BD932 /* ViewControllerTutorial.swift */,
				3CBBC1802252F5C70014AB10 /* ViewControllerTutorialPage.swift */,
				3CFCF6A2222F347B00843054 /* Assets.xcassets */,
				3F92E7022336B1F700D1FF9B /* Media.xcassets */,
				3C0693452253D1EC0040DC0B /* InfoPlist.strings */,
				3CFCF6A4222F347B00843054 /* LaunchScreen.storyboard */,
				3C40091B2240653C0028A45A /* Localizable.strings */,
				3CFCF69C222F347A00843054 /* Main.storyboard */,
			);
			path = ccViewer;
			sourceTree = "<group>";
		};
		3CFCF6AF222F347B00843054 /* ccViewerTests */ = {
			isa = PBXGroup;
			children = (
				3CFCF6B0222F347B00843054 /* ccViewerTests.swift */,
				3CFCF6B2222F347B00843054 /* Info.plist */,
			);
			path = ccViewerTests;
			sourceTree = "<group>";
		};
		3CFCF6BA222F347B00843054 /* ccViewerUITests */ = {
			isa = PBXGroup;
			children = (
				3CFCF6BB222F347B00843054 /* ccViewerUITests.swift */,
				3CFCF6BD222F347B00843054 /* Info.plist */,
			);
			path = ccViewerUITests;
			sourceTree = "<group>";
		};
		3F19BBE4232422390040ED19 /* GoogleCastSDK-ios-4.4.4_dynamic */ = {
			isa = PBXGroup;
			children = (
				3F19BBE5232422390040ED19 /* Tools */,
				3F19BBE7232422390040ED19 /* OpenSourceLicenses */,
				3F19BBF4232422390040ED19 /* GoogleCast.framework */,
			);
			name = "GoogleCastSDK-ios-4.4.4_dynamic";
			path = "../GoogleCastSDK-ios-4.4.4_dynamic";
			sourceTree = "<group>";
		};
		3F19BBE5232422390040ED19 /* Tools */ = {
			isa = PBXGroup;
			children = (
				3F19BBE6232422390040ED19 /* strip_unused_archs.sh */,
			);
			path = Tools;
			sourceTree = "<group>";
		};
		3F19BBE7232422390040ED19 /* OpenSourceLicenses */ = {
			isa = PBXGroup;
			children = (
				3F19BBE8232422390040ED19 /* utf.html */,
				3F19BBE9232422390040ED19 /* stl.html */,
				3F19BBEA232422390040ED19 /* libresample.html */,
				3F19BBEB232422390040ED19 /* zlib.html */,
				3F19BBEC232422390040ED19 /* dynamic_annotations.html */,
				3F19BBED232422390040ED19 /* tz.html */,
				3F19BBEE232422390040ED19 /* kissfft.html */,
				3F19BBEF232422390040ED19 /* oss_licenses_index.txt */,
				3F19BBF0232422390040ED19 /* pcre.html */,
				3F19BBF1232422390040ED19 /* icu.html */,
				3F19BBF2232422390040ED19 /* eigen3.html */,
				3F19BBF3232422390040ED19 /* re2.html */,
			);
			path = OpenSourceLicenses;
			sourceTree = "<group>";
		};
/* End PBXGroup section */

/* Begin PBXNativeTarget section */
		3CFCF694222F347A00843054 /* CryptCloudViewer */ = {
			isa = PBXNativeTarget;
			buildConfigurationList = 3CFCF6C0222F347B00843054 /* Build configuration list for PBXNativeTarget "CryptCloudViewer" */;
			buildPhases = (
				3CFCF691222F347A00843054 /* Sources */,
				3CFCF692222F347A00843054 /* Frameworks */,
				3CFCF693222F347A00843054 /* Resources */,
				3CA2C9552234980C00481DB5 /* Embed Frameworks */,
				3F9151E5236C463100E5EF65 /* ShellScript */,
				3F1102F923704BAE00994810 /* ShellScript */,
			);
			buildRules = (
			);
			dependencies = (
			);
			name = CryptCloudViewer;
			productName = ccViewer;
			productReference = 3CFCF695222F347A00843054 /* CryptCloudViewer.app */;
			productType = "com.apple.product-type.application";
		};
		3CFCF6AB222F347B00843054 /* CryptCloudViewerTests */ = {
			isa = PBXNativeTarget;
			buildConfigurationList = 3CFCF6C3222F347B00843054 /* Build configuration list for PBXNativeTarget "CryptCloudViewerTests" */;
			buildPhases = (
				3CFCF6A8222F347B00843054 /* Sources */,
				3CFCF6A9222F347B00843054 /* Frameworks */,
				3CFCF6AA222F347B00843054 /* Resources */,
			);
			buildRules = (
			);
			dependencies = (
				3CFCF6AE222F347B00843054 /* PBXTargetDependency */,
			);
			name = CryptCloudViewerTests;
			productName = ccViewerTests;
			productReference = 3CFCF6AC222F347B00843054 /* CryptCloudViewerTests.xctest */;
			productType = "com.apple.product-type.bundle.unit-test";
		};
		3CFCF6B6222F347B00843054 /* CryptCloudViewerUITests */ = {
			isa = PBXNativeTarget;
			buildConfigurationList = 3CFCF6C6222F347B00843054 /* Build configuration list for PBXNativeTarget "CryptCloudViewerUITests" */;
			buildPhases = (
				3CFCF6B3222F347B00843054 /* Sources */,
				3CFCF6B4222F347B00843054 /* Frameworks */,
				3CFCF6B5222F347B00843054 /* Resources */,
			);
			buildRules = (
			);
			dependencies = (
				3CFCF6B9222F347B00843054 /* PBXTargetDependency */,
			);
			name = CryptCloudViewerUITests;
			productName = ccViewerUITests;
			productReference = 3CFCF6B7222F347B00843054 /* CryptCloudViewerUITests.xctest */;
			productType = "com.apple.product-type.bundle.ui-testing";
		};
/* End PBXNativeTarget section */

/* Begin PBXProject section */
		3CFCF68D222F347900843054 /* Project object */ = {
			isa = PBXProject;
			attributes = {
				LastSwiftUpdateCheck = 1010;
				LastUpgradeCheck = 1100;
				ORGANIZATIONNAME = lithium03;
				TargetAttributes = {
					3CFCF694222F347A00843054 = {
						CreatedOnToolsVersion = 10.1;
						LastSwiftMigration = 1020;
						SystemCapabilities = {
							com.apple.AccessWiFi = {
								enabled = 1;
							};
							com.apple.AutoFillCredentialProvider = {
								enabled = 1;
							};
							com.apple.BackgroundModes = {
								enabled = 1;
							};
							com.apple.DataProtection = {
								enabled = 0;
							};
							com.apple.InAppPurchase = {
								enabled = 1;
							};
							com.apple.NetworkExtensions.iOS = {
								enabled = 0;
							};
							com.apple.Push = {
								enabled = 0;
							};
							com.apple.WAC = {
								enabled = 0;
							};
							com.apple.iCloud = {
								enabled = 1;
							};
						};
					};
					3CFCF6AB222F347B00843054 = {
						CreatedOnToolsVersion = 10.1;
						LastSwiftMigration = 1020;
						TestTargetID = 3CFCF694222F347A00843054;
					};
					3CFCF6B6222F347B00843054 = {
						CreatedOnToolsVersion = 10.1;
						LastSwiftMigration = 1020;
						TestTargetID = 3CFCF694222F347A00843054;
					};
				};
			};
			buildConfigurationList = 3CFCF690222F347900843054 /* Build configuration list for PBXProject "CryptCloudViewer" */;
			compatibilityVersion = "Xcode 9.3";
			developmentRegion = en;
			hasScannedForEncodings = 0;
			knownRegions = (
				en,
				Base,
				ja,
			);
			mainGroup = 3CFCF68C222F347900843054;
			productRefGroup = 3CFCF696222F347A00843054 /* Products */;
			projectDirPath = "";
			projectRoot = "";
			targets = (
				3CFCF694222F347A00843054 /* CryptCloudViewer */,
				3CFCF6AB222F347B00843054 /* CryptCloudViewerTests */,
				3CFCF6B6222F347B00843054 /* CryptCloudViewerUITests */,
			);
		};
/* End PBXProject section */

/* Begin PBXResourcesBuildPhase section */
		3CFCF693222F347A00843054 /* Resources */ = {
			isa = PBXResourcesBuildPhase;
			buildActionMask = 2147483647;
			files = (
				3CFCF6A6222F347B00843054 /* LaunchScreen.storyboard in Resources */,
				3C4009192240653C0028A45A /* Localizable.strings in Resources */,
				3F92E7032336B1F700D1FF9B /* Media.xcassets in Resources */,
				3CFCF6A3222F347B00843054 /* Assets.xcassets in Resources */,
				3FC2F2392381355800EB747C /* ccViewer.help in Resources */,
				3CFCF69E222F347A00843054 /* Main.storyboard in Resources */,
				3CC4851D2258945B0003C44A /* Settings.bundle in Resources */,
				3C0693432253D1EC0040DC0B /* InfoPlist.strings in Resources */,
			);
			runOnlyForDeploymentPostprocessing = 0;
		};
		3CFCF6AA222F347B00843054 /* Resources */ = {
			isa = PBXResourcesBuildPhase;
			buildActionMask = 2147483647;
			files = (
			);
			runOnlyForDeploymentPostprocessing = 0;
		};
		3CFCF6B5222F347B00843054 /* Resources */ = {
			isa = PBXResourcesBuildPhase;
			buildActionMask = 2147483647;
			files = (
			);
			runOnlyForDeploymentPostprocessing = 0;
		};
/* End PBXResourcesBuildPhase section */

/* Begin PBXShellScriptBuildPhase section */
		3F1102F923704BAE00994810 /* ShellScript */ = {
			isa = PBXShellScriptBuildPhase;
			buildActionMask = 2147483647;
			files = (
			);
			inputFileListPaths = (
			);
			inputPaths = (
			);
			outputFileListPaths = (
			);
			outputPaths = (
			);
			runOnlyForDeploymentPostprocessing = 0;
			shellPath = /bin/sh;
			shellScript = "# Type a script or drag a script file from your workspace to insert its path.\n\nbuildPlist=\"${TARGET_BUILD_DIR}/${INFOPLIST_PATH}\"\n\necho $buildPlist\nAPP_VERSION=$(/usr/libexec/PlistBuddy -c \"Print CFBundleShortVersionString\" $buildPlist)\n/usr/libexec/PlistBuddy -c \"Set :PreferenceSpecifiers:0:DefaultValue ${APP_VERSION}\" \"${TARGET_BUILD_DIR}/${UNLOCALIZED_RESOURCES_FOLDER_PATH}/Settings.bundle/Root.plist\"\n";
		};
		3F9151E5236C463100E5EF65 /* ShellScript */ = {
			isa = PBXShellScriptBuildPhase;
			buildActionMask = 2147483647;
			files = (
			);
			inputFileListPaths = (
			);
			inputPaths = (
			);
			outputFileListPaths = (
			);
			outputPaths = (
			);
			runOnlyForDeploymentPostprocessing = 0;
			shellPath = /bin/sh;
			shellScript = "# Type a script or drag a script file from your workspace to insert its path.\n\nif [ \"${PLATFORM_NAME}\" = \"iphoneos\" ]; then\n    ${SRCROOT}/../GoogleCastSDK/Tools/strip_unused_archs.sh\nfi\n";
		};
/* End PBXShellScriptBuildPhase section */

/* Begin PBXSourcesBuildPhase section */
		3CFCF691222F347A00843054 /* Sources */ = {
			isa = PBXSourcesBuildPhase;
			buildActionMask = 2147483647;
			files = (
				3CF89CF022333C14002FF0B5 /* TableViewControllerSetting.swift in Sources */,
				3CFCF6CA222F351900843054 /* TableViewControllerRoot.swift in Sources */,
				3CA2C9632235969900481DB5 /* TableViewControllerItems.swift in Sources */,
				3CA2C9592234DE2D00481DB5 /* CollectionViewControllerCloud.swift in Sources */,
				3C06934B2253DBD50040DC0B /* PurchaceManager.swift in Sources */,
				3C40091222401D020028A45A /* CustomPlayerViewController.swift in Sources */,
				3CF15E7922370B9300328A90 /* ViewControllerText.swift in Sources */,
				3F3D274423743B00009A4C52 /* TimePickerKeyboard.swift in Sources */,
				3C06934C2253DBD50040DC0B /* PurchaceViewController.swift in Sources */,
				3CBBC1812252F5C70014AB10 /* ViewControllerTutorialPage.swift in Sources */,
				3CEF9AC9223EE865008F90B5 /* ViewControllerPDF.swift in Sources */,
				3FA954D62322EC22005B086A /* ViewControllerConvert.swift in Sources */,
				3C79B38622608C4D0036E22F /* TableViewControllerPlayListFolder.swift in Sources */,
				3C0654A7223978BF003BD932 /* ViewControllerFirst.swift in Sources */,
				3CFCF6CD223059AF00843054 /* ViewControllerProtect.swift in Sources */,
				3C06549F22381567003BD932 /* ViewControllerImage.swift in Sources */,
				3C06934A2253DBD50040DC0B /* ProductManager.swift in Sources */,
				3CC48521225AC1690003C44A /* NavigationControllerHide.swift in Sources */,
				3C0654A922398041003BD932 /* ViewControllerTutorial.swift in Sources */,
				3C0D4419224B106C001FCAAC /* TableViewControllerItemsEdit.swift in Sources */,
				3CFCF699222F347A00843054 /* AppDelegate.swift in Sources */,
				3C79B384225FE3DE0036E22F /* TableViewControllerPlaylist.swift in Sources */,
			);
			runOnlyForDeploymentPostprocessing = 0;
		};
		3CFCF6A8222F347B00843054 /* Sources */ = {
			isa = PBXSourcesBuildPhase;
			buildActionMask = 2147483647;
			files = (
				3CFCF6B1222F347B00843054 /* ccViewerTests.swift in Sources */,
			);
			runOnlyForDeploymentPostprocessing = 0;
		};
		3CFCF6B3222F347B00843054 /* Sources */ = {
			isa = PBXSourcesBuildPhase;
			buildActionMask = 2147483647;
			files = (
				3CFCF6BC222F347B00843054 /* ccViewerUITests.swift in Sources */,
			);
			runOnlyForDeploymentPostprocessing = 0;
		};
/* End PBXSourcesBuildPhase section */

/* Begin PBXTargetDependency section */
		3CFCF6AE222F347B00843054 /* PBXTargetDependency */ = {
			isa = PBXTargetDependency;
			target = 3CFCF694222F347A00843054 /* CryptCloudViewer */;
			targetProxy = 3CFCF6AD222F347B00843054 /* PBXContainerItemProxy */;
		};
		3CFCF6B9222F347B00843054 /* PBXTargetDependency */ = {
			isa = PBXTargetDependency;
			target = 3CFCF694222F347A00843054 /* CryptCloudViewer */;
			targetProxy = 3CFCF6B8222F347B00843054 /* PBXContainerItemProxy */;
		};
/* End PBXTargetDependency section */

/* Begin PBXVariantGroup section */
		3C0693452253D1EC0040DC0B /* InfoPlist.strings */ = {
			isa = PBXVariantGroup;
			children = (
				3C0693442253D1EC0040DC0B /* en */,
				3C0693462253D1F00040DC0B /* ja */,
			);
			name = InfoPlist.strings;
			sourceTree = "<group>";
		};
		3C40091B2240653C0028A45A /* Localizable.strings */ = {
			isa = PBXVariantGroup;
			children = (
				3C40091A2240653C0028A45A /* en */,
				3C40091C2240653F0028A45A /* ja */,
			);
			name = Localizable.strings;
			sourceTree = "<group>";
		};
		3CFCF69C222F347A00843054 /* Main.storyboard */ = {
			isa = PBXVariantGroup;
			children = (
				3CFCF69D222F347A00843054 /* Base */,
				3C400916224060CA0028A45A /* ja */,
			);
			name = Main.storyboard;
			sourceTree = "<group>";
		};
		3CFCF6A4222F347B00843054 /* LaunchScreen.storyboard */ = {
			isa = PBXVariantGroup;
			children = (
				3CFCF6A5222F347B00843054 /* Base */,
				3C400915224060CA0028A45A /* ja */,
			);
			name = LaunchScreen.storyboard;
			sourceTree = "<group>";
		};
/* End PBXVariantGroup section */

/* Begin XCBuildConfiguration section */
		3CFCF6BE222F347B00843054 /* Debug */ = {
			isa = XCBuildConfiguration;
			buildSettings = {
				ALWAYS_SEARCH_USER_PATHS = NO;
				CLANG_ANALYZER_LOCALIZABILITY_NONLOCALIZED = YES;
				CLANG_ANALYZER_NONNULL = YES;
				CLANG_ANALYZER_NUMBER_OBJECT_CONVERSION = YES_AGGRESSIVE;
				CLANG_CXX_LANGUAGE_STANDARD = "gnu++14";
				CLANG_CXX_LIBRARY = "libc++";
				CLANG_ENABLE_MODULES = YES;
				CLANG_ENABLE_OBJC_ARC = YES;
				CLANG_ENABLE_OBJC_WEAK = YES;
				CLANG_WARN_BLOCK_CAPTURE_AUTORELEASING = YES;
				CLANG_WARN_BOOL_CONVERSION = YES;
				CLANG_WARN_COMMA = YES;
				CLANG_WARN_CONSTANT_CONVERSION = YES;
				CLANG_WARN_DEPRECATED_OBJC_IMPLEMENTATIONS = YES;
				CLANG_WARN_DIRECT_OBJC_ISA_USAGE = YES_ERROR;
				CLANG_WARN_DOCUMENTATION_COMMENTS = YES;
				CLANG_WARN_EMPTY_BODY = YES;
				CLANG_WARN_ENUM_CONVERSION = YES;
				CLANG_WARN_INFINITE_RECURSION = YES;
				CLANG_WARN_INT_CONVERSION = YES;
				CLANG_WARN_NON_LITERAL_NULL_CONVERSION = YES;
				CLANG_WARN_OBJC_IMPLICIT_RETAIN_SELF = YES;
				CLANG_WARN_OBJC_LITERAL_CONVERSION = YES;
				CLANG_WARN_OBJC_ROOT_CLASS = YES_ERROR;
				CLANG_WARN_RANGE_LOOP_ANALYSIS = YES;
				CLANG_WARN_STRICT_PROTOTYPES = YES;
				CLANG_WARN_SUSPICIOUS_MOVE = YES;
				CLANG_WARN_UNGUARDED_AVAILABILITY = YES_AGGRESSIVE;
				CLANG_WARN_UNREACHABLE_CODE = YES;
				CLANG_WARN__DUPLICATE_METHOD_MATCH = YES;
				CODE_SIGN_IDENTITY = "iPhone Developer";
				COPY_PHASE_STRIP = NO;
				DEBUG_INFORMATION_FORMAT = dwarf;
				ENABLE_STRICT_OBJC_MSGSEND = YES;
				ENABLE_TESTABILITY = YES;
				GCC_C_LANGUAGE_STANDARD = gnu11;
				GCC_DYNAMIC_NO_PIC = NO;
				GCC_NO_COMMON_BLOCKS = YES;
				GCC_OPTIMIZATION_LEVEL = 0;
				GCC_PREPROCESSOR_DEFINITIONS = (
					"DEBUG=1",
					"$(inherited)",
				);
				GCC_WARN_64_TO_32_BIT_CONVERSION = YES;
				GCC_WARN_ABOUT_RETURN_TYPE = YES_ERROR;
				GCC_WARN_UNDECLARED_SELECTOR = YES;
				GCC_WARN_UNINITIALIZED_AUTOS = YES_AGGRESSIVE;
				GCC_WARN_UNUSED_FUNCTION = YES;
				GCC_WARN_UNUSED_VARIABLE = YES;
				IPHONEOS_DEPLOYMENT_TARGET = 12.1;
				MTL_ENABLE_DEBUG_INFO = INCLUDE_SOURCE;
				MTL_FAST_MATH = YES;
				ONLY_ACTIVE_ARCH = YES;
				SDKROOT = iphoneos;
				SWIFT_ACTIVE_COMPILATION_CONDITIONS = DEBUG;
				SWIFT_OPTIMIZATION_LEVEL = "-Onone";
			};
			name = Debug;
		};
		3CFCF6BF222F347B00843054 /* Release */ = {
			isa = XCBuildConfiguration;
			buildSettings = {
				ALWAYS_SEARCH_USER_PATHS = NO;
				CLANG_ANALYZER_LOCALIZABILITY_NONLOCALIZED = YES;
				CLANG_ANALYZER_NONNULL = YES;
				CLANG_ANALYZER_NUMBER_OBJECT_CONVERSION = YES_AGGRESSIVE;
				CLANG_CXX_LANGUAGE_STANDARD = "gnu++14";
				CLANG_CXX_LIBRARY = "libc++";
				CLANG_ENABLE_MODULES = YES;
				CLANG_ENABLE_OBJC_ARC = YES;
				CLANG_ENABLE_OBJC_WEAK = YES;
				CLANG_WARN_BLOCK_CAPTURE_AUTORELEASING = YES;
				CLANG_WARN_BOOL_CONVERSION = YES;
				CLANG_WARN_COMMA = YES;
				CLANG_WARN_CONSTANT_CONVERSION = YES;
				CLANG_WARN_DEPRECATED_OBJC_IMPLEMENTATIONS = YES;
				CLANG_WARN_DIRECT_OBJC_ISA_USAGE = YES_ERROR;
				CLANG_WARN_DOCUMENTATION_COMMENTS = YES;
				CLANG_WARN_EMPTY_BODY = YES;
				CLANG_WARN_ENUM_CONVERSION = YES;
				CLANG_WARN_INFINITE_RECURSION = YES;
				CLANG_WARN_INT_CONVERSION = YES;
				CLANG_WARN_NON_LITERAL_NULL_CONVERSION = YES;
				CLANG_WARN_OBJC_IMPLICIT_RETAIN_SELF = YES;
				CLANG_WARN_OBJC_LITERAL_CONVERSION = YES;
				CLANG_WARN_OBJC_ROOT_CLASS = YES_ERROR;
				CLANG_WARN_RANGE_LOOP_ANALYSIS = YES;
				CLANG_WARN_STRICT_PROTOTYPES = YES;
				CLANG_WARN_SUSPICIOUS_MOVE = YES;
				CLANG_WARN_UNGUARDED_AVAILABILITY = YES_AGGRESSIVE;
				CLANG_WARN_UNREACHABLE_CODE = YES;
				CLANG_WARN__DUPLICATE_METHOD_MATCH = YES;
				CODE_SIGN_IDENTITY = "iPhone Developer";
				COPY_PHASE_STRIP = NO;
				DEBUG_INFORMATION_FORMAT = "dwarf-with-dsym";
				ENABLE_NS_ASSERTIONS = NO;
				ENABLE_STRICT_OBJC_MSGSEND = YES;
				GCC_C_LANGUAGE_STANDARD = gnu11;
				GCC_NO_COMMON_BLOCKS = YES;
				GCC_WARN_64_TO_32_BIT_CONVERSION = YES;
				GCC_WARN_ABOUT_RETURN_TYPE = YES_ERROR;
				GCC_WARN_UNDECLARED_SELECTOR = YES;
				GCC_WARN_UNINITIALIZED_AUTOS = YES_AGGRESSIVE;
				GCC_WARN_UNUSED_FUNCTION = YES;
				GCC_WARN_UNUSED_VARIABLE = YES;
				IPHONEOS_DEPLOYMENT_TARGET = 12.1;
				MTL_ENABLE_DEBUG_INFO = NO;
				MTL_FAST_MATH = YES;
				SDKROOT = iphoneos;
				SWIFT_COMPILATION_MODE = wholemodule;
				SWIFT_OPTIMIZATION_LEVEL = "-O";
				VALIDATE_PRODUCT = YES;
			};
			name = Release;
		};
		3CFCF6C1222F347B00843054 /* Debug */ = {
			isa = XCBuildConfiguration;
			buildSettings = {
				ASSETCATALOG_COMPILER_APPICON_NAME = AppIcon;
				CODE_SIGN_ENTITLEMENTS = ccViewer/ccViewer.entitlements;
				CODE_SIGN_STYLE = Automatic;
				CURRENT_PROJECT_VERSION = 54;
				DERIVE_MACCATALYST_PRODUCT_BUNDLE_IDENTIFIER = YES;
				DEVELOPMENT_TEAM = 7A9X38B4YU;
				"ENABLE_HARDENED_RUNTIME[sdk=macosx*]" = YES;
				FRAMEWORK_SEARCH_PATHS = (
					"$(inherited)",
					"$(PROJECT_DIR)",
				);
				GCC_OPTIMIZATION_LEVEL = fast;
				INFOPLIST_FILE = ccViewer/Info.plist;
				IPHONEOS_DEPLOYMENT_TARGET = 12.1;
				LD_RUNPATH_SEARCH_PATHS = (
					"$(inherited)",
					"@executable_path/Frameworks",
				);
				MARKETING_VERSION = 1.4.2;
				OTHER_LDFLAGS = (
					"-ObjC",
					"-lc++",
				);
				PRODUCT_BUNDLE_IDENTIFIER = info.lithium03.ccViewer;
				PRODUCT_NAME = "$(TARGET_NAME)";
				SUPPORTS_MACCATALYST = YES;
				SWIFT_OPTIMIZATION_LEVEL = "-O";
				SWIFT_VERSION = 5.0;
				TARGETED_DEVICE_FAMILY = "1,2";
			};
			name = Debug;
		};
		3CFCF6C2222F347B00843054 /* Release */ = {
			isa = XCBuildConfiguration;
			buildSettings = {
				ASSETCATALOG_COMPILER_APPICON_NAME = AppIcon;
				CODE_SIGN_ENTITLEMENTS = ccViewer/ccViewer.entitlements;
				CODE_SIGN_STYLE = Automatic;
				CURRENT_PROJECT_VERSION = 54;
				DERIVE_MACCATALYST_PRODUCT_BUNDLE_IDENTIFIER = YES;
				DEVELOPMENT_TEAM = 7A9X38B4YU;
				"ENABLE_HARDENED_RUNTIME[sdk=macosx*]" = YES;
				FRAMEWORK_SEARCH_PATHS = (
					"$(inherited)",
					"$(PROJECT_DIR)",
				);
				GCC_OPTIMIZATION_LEVEL = fast;
				INFOPLIST_FILE = ccViewer/Info.plist;
				IPHONEOS_DEPLOYMENT_TARGET = 12.1;
				LD_RUNPATH_SEARCH_PATHS = (
					"$(inherited)",
					"@executable_path/Frameworks",
				);
				MARKETING_VERSION = 1.4.2;
				OTHER_LDFLAGS = (
					"-ObjC",
					"-lc++",
				);
				PRODUCT_BUNDLE_IDENTIFIER = info.lithium03.ccViewer;
				PRODUCT_NAME = "$(TARGET_NAME)";
				SUPPORTS_MACCATALYST = YES;
				SWIFT_OPTIMIZATION_LEVEL = "-O";
				SWIFT_VERSION = 5.0;
				TARGETED_DEVICE_FAMILY = "1,2";
			};
			name = Release;
		};
		3CFCF6C4222F347B00843054 /* Debug */ = {
			isa = XCBuildConfiguration;
			buildSettings = {
				ALWAYS_EMBED_SWIFT_STANDARD_LIBRARIES = YES;
				BUNDLE_LOADER = "$(TEST_HOST)";
				CODE_SIGN_STYLE = Automatic;
				DEVELOPMENT_TEAM = 7A9X38B4YU;
				INFOPLIST_FILE = ccViewerTests/Info.plist;
				LD_RUNPATH_SEARCH_PATHS = (
					"$(inherited)",
					"@executable_path/Frameworks",
					"@loader_path/Frameworks",
				);
				PRODUCT_BUNDLE_IDENTIFIER = info.lithium03.ccViewerTests;
				PRODUCT_NAME = "$(TARGET_NAME)";
				SWIFT_VERSION = 5.0;
				TARGETED_DEVICE_FAMILY = "1,2";
				TEST_HOST = "$(BUILT_PRODUCTS_DIR)/CryptCloudViewer.app/CryptCloudViewer";
			};
			name = Debug;
		};
		3CFCF6C5222F347B00843054 /* Release */ = {
			isa = XCBuildConfiguration;
			buildSettings = {
				ALWAYS_EMBED_SWIFT_STANDARD_LIBRARIES = YES;
				BUNDLE_LOADER = "$(TEST_HOST)";
				CODE_SIGN_STYLE = Automatic;
				DEVELOPMENT_TEAM = 7A9X38B4YU;
				INFOPLIST_FILE = ccViewerTests/Info.plist;
				LD_RUNPATH_SEARCH_PATHS = (
					"$(inherited)",
					"@executable_path/Frameworks",
					"@loader_path/Frameworks",
				);
				PRODUCT_BUNDLE_IDENTIFIER = info.lithium03.ccViewerTests;
				PRODUCT_NAME = "$(TARGET_NAME)";
				SWIFT_VERSION = 5.0;
				TARGETED_DEVICE_FAMILY = "1,2";
				TEST_HOST = "$(BUILT_PRODUCTS_DIR)/CryptCloudViewer.app/CryptCloudViewer";
			};
			name = Release;
		};
		3CFCF6C7222F347B00843054 /* Debug */ = {
			isa = XCBuildConfiguration;
			buildSettings = {
				ALWAYS_EMBED_SWIFT_STANDARD_LIBRARIES = YES;
				CODE_SIGN_STYLE = Automatic;
				DEVELOPMENT_TEAM = 7A9X38B4YU;
				INFOPLIST_FILE = ccViewerUITests/Info.plist;
				LD_RUNPATH_SEARCH_PATHS = (
					"$(inherited)",
					"@executable_path/Frameworks",
					"@loader_path/Frameworks",
				);
				PRODUCT_BUNDLE_IDENTIFIER = info.lithium03.ccViewerUITests;
				PRODUCT_NAME = "$(TARGET_NAME)";
				SWIFT_VERSION = 5.0;
				TARGETED_DEVICE_FAMILY = "1,2";
				TEST_TARGET_NAME = ccViewer;
			};
			name = Debug;
		};
		3CFCF6C8222F347B00843054 /* Release */ = {
			isa = XCBuildConfiguration;
			buildSettings = {
				ALWAYS_EMBED_SWIFT_STANDARD_LIBRARIES = YES;
				CODE_SIGN_STYLE = Automatic;
				DEVELOPMENT_TEAM = 7A9X38B4YU;
				INFOPLIST_FILE = ccViewerUITests/Info.plist;
				LD_RUNPATH_SEARCH_PATHS = (
					"$(inherited)",
					"@executable_path/Frameworks",
					"@loader_path/Frameworks",
				);
				PRODUCT_BUNDLE_IDENTIFIER = info.lithium03.ccViewerUITests;
				PRODUCT_NAME = "$(TARGET_NAME)";
				SWIFT_VERSION = 5.0;
				TARGETED_DEVICE_FAMILY = "1,2";
				TEST_TARGET_NAME = ccViewer;
			};
			name = Release;
		};
/* End XCBuildConfiguration section */

/* Begin XCConfigurationList section */
		3CFCF690222F347900843054 /* Build configuration list for PBXProject "CryptCloudViewer" */ = {
			isa = XCConfigurationList;
			buildConfigurations = (
				3CFCF6BE222F347B00843054 /* Debug */,
				3CFCF6BF222F347B00843054 /* Release */,
			);
			defaultConfigurationIsVisible = 0;
			defaultConfigurationName = Release;
		};
		3CFCF6C0222F347B00843054 /* Build configuration list for PBXNativeTarget "CryptCloudViewer" */ = {
			isa = XCConfigurationList;
			buildConfigurations = (
				3CFCF6C1222F347B00843054 /* Debug */,
				3CFCF6C2222F347B00843054 /* Release */,
			);
			defaultConfigurationIsVisible = 0;
			defaultConfigurationName = Release;
		};
		3CFCF6C3222F347B00843054 /* Build configuration list for PBXNativeTarget "CryptCloudViewerTests" */ = {
			isa = XCConfigurationList;
			buildConfigurations = (
				3CFCF6C4222F347B00843054 /* Debug */,
				3CFCF6C5222F347B00843054 /* Release */,
			);
			defaultConfigurationIsVisible = 0;
			defaultConfigurationName = Release;
		};
		3CFCF6C6222F347B00843054 /* Build configuration list for PBXNativeTarget "CryptCloudViewerUITests" */ = {
			isa = XCConfigurationList;
			buildConfigurations = (
				3CFCF6C7222F347B00843054 /* Debug */,
				3CFCF6C8222F347B00843054 /* Release */,
			);
			defaultConfigurationIsVisible = 0;
			defaultConfigurationName = Release;
		};
/* End XCConfigurationList section */
	};
	rootObject = 3CFCF68D222F347900843054 /* Project object */;
}
