// !$*UTF8*$!
{
	archiveVersion = 1;
	classes = {
	};
	objectVersion = 90;
	objects = {

/* Begin PBXBuildFile section */
		3C11C0FF2243DDA6006EA640 /* player_base.cpp in Sources */ = {isa = PBXBuildFile; fileRef = 3C11C0FD2243DDA6006EA640 /* player_base.cpp */; };
		3C11C1002243DDA6006EA640 /* player_base.hpp in Headers */ = {isa = PBXBuildFile; fileRef = 3C11C0FE2243DDA6006EA640 /* player_base.hpp */; };
		3C11C10A22442985006EA640 /* player_param.h in Headers */ = {isa = PBXBuildFile; fileRef = 3C11C1052243E8A0006EA640 /* player_param.h */; };
		3C11C10D224429EC006EA640 /* player_main.h in Headers */ = {isa = PBXBuildFile; fileRef = 3C11C10B224429EC006EA640 /* player_main.h */; settings = {ATTRIBUTES = (Public, ); }; };
		3C11C10E224429EC006EA640 /* player_main.c in Sources */ = {isa = PBXBuildFile; fileRef = 3C11C10C224429EC006EA640 /* player_main.c */; };
		3C40093F2242CB9D0028A45A /* ffplayer.h in Headers */ = {isa = PBXBuildFile; fileRef = 3C4009312242CB9D0028A45A /* ffplayer.h */; settings = {ATTRIBUTES = (Public, ); }; };
		3C4009722242DBA00028A45A /* player.swift in Sources */ = {isa = PBXBuildFile; fileRef = 3C4009712242DBA00028A45A /* player.swift */; };
		3F01301F2373A810004A2F8B /* Localizable.strings in Resources */ = {isa = PBXBuildFile; fileRef = 3F0130212373A810004A2F8B /* Localizable.strings */; };
		3F9151CD236C101A00E5EF65 /* packetQueue.hpp in Headers */ = {isa = PBXBuildFile; fileRef = 3F9151CB236C101A00E5EF65 /* packetQueue.hpp */; };
		3F9151CE236C101A00E5EF65 /* packetQueue.cpp in Sources */ = {isa = PBXBuildFile; fileRef = 3F9151CC236C101A00E5EF65 /* packetQueue.cpp */; };
		3F9151D0236C107A00E5EF65 /* Media.xcassets in Resources */ = {isa = PBXBuildFile; fileRef = 3F9151CF236C107A00E5EF65 /* Media.xcassets */; };
		3F9151D3236C10C700E5EF65 /* sound.swift in Sources */ = {isa = PBXBuildFile; fileRef = 3F9151D1236C10C700E5EF65 /* sound.swift */; };
		BE0572F22EC0CCB400515817 /* VideoToolbox.framework in Frameworks */ = {isa = PBXBuildFile; fileRef = BE0572F12EC0CCB400515817 /* VideoToolbox.framework */; };
		BE186EA82E9C0A1E002F6CC8 /* ffmpeg.a in Frameworks */ = {isa = PBXBuildFile; fileRef = BE186EA72E9C0A1E002F6CC8 /* ffmpeg.a */; };
		BE29134F2EB5483A00A22D12 /* libbz2.tbd in Frameworks */ = {isa = PBXBuildFile; fileRef = BE29134E2EB5482D00A22D12 /* libbz2.tbd */; };
		BE2913512EB5487F00A22D12 /* libz.tbd in Frameworks */ = {isa = PBXBuildFile; fileRef = BE2913502EB5487600A22D12 /* libz.tbd */; };
		BE2913532EB5489800A22D12 /* libiconv.tbd in Frameworks */ = {isa = PBXBuildFile; fileRef = BE2913522EB5489100A22D12 /* libiconv.tbd */; };
		BE2D3D0D2EB0B27A006DF15C /* FFPlayerUIView.swift in Sources */ = {isa = PBXBuildFile; fileRef = BE2D3D0C2EB0B27A006DF15C /* FFPlayerUIView.swift */; };
		BE4DF4F82EBEC00100BE2C5F /* RemoteCloud.framework in Frameworks */ = {isa = PBXBuildFile; fileRef = BE4DF4F72EBEC00100BE2C5F /* RemoteCloud.framework */; };
/* End PBXBuildFile section */

/* Begin PBXFileReference section */
		3C11C0FD2243DDA6006EA640 /* player_base.cpp */ = {isa = PBXFileReference; lastKnownFileType = sourcecode.cpp.cpp; path = player_base.cpp; sourceTree = "<group>"; };
		3C11C0FE2243DDA6006EA640 /* player_base.hpp */ = {isa = PBXFileReference; lastKnownFileType = sourcecode.cpp.h; path = player_base.hpp; sourceTree = "<group>"; };
		3C11C1052243E8A0006EA640 /* player_param.h */ = {isa = PBXFileReference; lastKnownFileType = sourcecode.c.h; path = player_param.h; sourceTree = "<group>"; };
		3C11C10B224429EC006EA640 /* player_main.h */ = {isa = PBXFileReference; lastKnownFileType = sourcecode.c.h; path = player_main.h; sourceTree = "<group>"; };
		3C11C10C224429EC006EA640 /* player_main.c */ = {isa = PBXFileReference; lastKnownFileType = sourcecode.c.c; path = player_main.c; sourceTree = "<group>"; };
		3C40092E2242CB9D0028A45A /* ffplayer.framework */ = {isa = PBXFileReference; explicitFileType = wrapper.framework; includeInIndex = 0; path = ffplayer.framework; sourceTree = BUILT_PRODUCTS_DIR; };
		3C4009312242CB9D0028A45A /* ffplayer.h */ = {isa = PBXFileReference; lastKnownFileType = sourcecode.c.h; path = ffplayer.h; sourceTree = "<group>"; };
		3C4009322242CB9D0028A45A /* Info.plist */ = {isa = PBXFileReference; lastKnownFileType = text.plist.xml; path = Info.plist; sourceTree = "<group>"; };
		3C4009712242DBA00028A45A /* player.swift */ = {isa = PBXFileReference; lastKnownFileType = sourcecode.swift; path = player.swift; sourceTree = "<group>"; };
		3F0130222373A83B004A2F8B /* ja */ = {isa = PBXFileReference; lastKnownFileType = text.plist.strings; name = ja; path = ja.lproj/Localizable.strings; sourceTree = "<group>"; };
		3F0130232373AA3A004A2F8B /* en */ = {isa = PBXFileReference; lastKnownFileType = text.plist.strings; name = en; path = en.lproj/Localizable.strings; sourceTree = "<group>"; };
		3F9151CB236C101A00E5EF65 /* packetQueue.hpp */ = {isa = PBXFileReference; fileEncoding = 4; lastKnownFileType = sourcecode.cpp.h; path = packetQueue.hpp; sourceTree = "<group>"; };
		3F9151CC236C101A00E5EF65 /* packetQueue.cpp */ = {isa = PBXFileReference; fileEncoding = 4; lastKnownFileType = sourcecode.cpp.cpp; path = packetQueue.cpp; sourceTree = "<group>"; };
		3F9151CF236C107A00E5EF65 /* Media.xcassets */ = {isa = PBXFileReference; lastKnownFileType = folder.assetcatalog; path = Media.xcassets; sourceTree = "<group>"; };
		3F9151D1236C10C700E5EF65 /* sound.swift */ = {isa = PBXFileReference; fileEncoding = 4; lastKnownFileType = sourcecode.swift; path = sound.swift; sourceTree = "<group>"; };
		BE0572F12EC0CCB400515817 /* VideoToolbox.framework */ = {isa = PBXFileReference; lastKnownFileType = wrapper.framework; name = VideoToolbox.framework; path = System/Library/Frameworks/VideoToolbox.framework; sourceTree = SDKROOT; };
		BE186EA72E9C0A1E002F6CC8 /* ffmpeg.a */ = {isa = PBXFileReference; lastKnownFileType = archive.ar; path = ffmpeg.a; sourceTree = "<group>"; };
		BE29134E2EB5482D00A22D12 /* libbz2.tbd */ = {isa = PBXFileReference; lastKnownFileType = "sourcecode.text-based-dylib-definition"; name = libbz2.tbd; path = usr/lib/libbz2.tbd; sourceTree = SDKROOT; };
		BE2913502EB5487600A22D12 /* libz.tbd */ = {isa = PBXFileReference; lastKnownFileType = "sourcecode.text-based-dylib-definition"; name = libz.tbd; path = usr/lib/libz.tbd; sourceTree = SDKROOT; };
		BE2913522EB5489100A22D12 /* libiconv.tbd */ = {isa = PBXFileReference; lastKnownFileType = "sourcecode.text-based-dylib-definition"; name = libiconv.tbd; path = usr/lib/libiconv.tbd; sourceTree = SDKROOT; };
		BE2D3D0C2EB0B27A006DF15C /* FFPlayerUIView.swift */ = {isa = PBXFileReference; lastKnownFileType = sourcecode.swift; path = FFPlayerUIView.swift; sourceTree = "<group>"; };
		BE4DF4F72EBEC00100BE2C5F /* RemoteCloud.framework */ = {isa = PBXFileReference; explicitFileType = wrapper.framework; path = RemoteCloud.framework; sourceTree = BUILT_PRODUCTS_DIR; };
/* End PBXFileReference section */

/* Begin PBXFrameworksBuildPhase section */
		3C40092B2242CB9D0028A45A /* Frameworks */ = {
			isa = PBXFrameworksBuildPhase;
			files = (
				BE29134F2EB5483A00A22D12 /* libbz2.tbd in Frameworks */,
				BE2913512EB5487F00A22D12 /* libz.tbd in Frameworks */,
				BE0572F22EC0CCB400515817 /* VideoToolbox.framework in Frameworks */,
				BE4DF4F82EBEC00100BE2C5F /* RemoteCloud.framework in Frameworks */,
				BE186EA82E9C0A1E002F6CC8 /* ffmpeg.a in Frameworks */,
				BE2913532EB5489800A22D12 /* libiconv.tbd in Frameworks */,
			);
		};
/* End PBXFrameworksBuildPhase section */

/* Begin PBXGroup section */
		3C4009242242CB9D0028A45A = {
			isa = PBXGroup;
			children = (
				BE186EA72E9C0A1E002F6CC8 /* ffmpeg.a */,
				3C4009302242CB9D0028A45A /* ffplayer */,
				3C4009582242CFD30028A45A /* Frameworks */,
				3C40092F2242CB9D0028A45A /* Products */,
			);
			sourceTree = "<group>";
		};
		3C40092F2242CB9D0028A45A /* Products */ = {
			isa = PBXGroup;
			children = (
				3C40092E2242CB9D0028A45A /* ffplayer.framework */,
			);
			name = Products;
			sourceTree = "<group>";
		};
		3C4009302242CB9D0028A45A /* ffplayer */ = {
			isa = PBXGroup;
			children = (
				BE2D3D0C2EB0B27A006DF15C /* FFPlayerUIView.swift */,
				3F9151D1236C10C700E5EF65 /* sound.swift */,
				3F9151CF236C107A00E5EF65 /* Media.xcassets */,
				3F9151CC236C101A00E5EF65 /* packetQueue.cpp */,
				3F9151CB236C101A00E5EF65 /* packetQueue.hpp */,
				3C4009312242CB9D0028A45A /* ffplayer.h */,
				3C4009322242CB9D0028A45A /* Info.plist */,
				3C4009712242DBA00028A45A /* player.swift */,
				3C11C0FD2243DDA6006EA640 /* player_base.cpp */,
				3C11C0FE2243DDA6006EA640 /* player_base.hpp */,
				3C11C1052243E8A0006EA640 /* player_param.h */,
				3C11C10B224429EC006EA640 /* player_main.h */,
				3C11C10C224429EC006EA640 /* player_main.c */,
				3F0130212373A810004A2F8B /* Localizable.strings */,
			);
			path = ffplayer;
			sourceTree = "<group>";
		};
		3C4009582242CFD30028A45A /* Frameworks */ = {
			isa = PBXGroup;
			children = (
				BE0572F12EC0CCB400515817 /* VideoToolbox.framework */,
				BE4DF4F72EBEC00100BE2C5F /* RemoteCloud.framework */,
				BE2913522EB5489100A22D12 /* libiconv.tbd */,
				BE2913502EB5487600A22D12 /* libz.tbd */,
				BE29134E2EB5482D00A22D12 /* libbz2.tbd */,
			);
			name = Frameworks;
			sourceTree = "<group>";
		};
/* End PBXGroup section */

/* Begin PBXHeadersBuildPhase section */
		3C4009292242CB9D0028A45A /* Headers */ = {
			isa = PBXHeadersBuildPhase;
			files = (
				3C40093F2242CB9D0028A45A /* ffplayer.h in Headers */,
				3C11C10D224429EC006EA640 /* player_main.h in Headers */,
				3F9151CD236C101A00E5EF65 /* packetQueue.hpp in Headers */,
				3C11C10A22442985006EA640 /* player_param.h in Headers */,
				3C11C1002243DDA6006EA640 /* player_base.hpp in Headers */,
			);
		};
/* End PBXHeadersBuildPhase section */

/* Begin PBXNativeTarget section */
		3C40092D2242CB9D0028A45A /* ffplayer */ = {
			isa = PBXNativeTarget;
			buildConfigurationList = 3C4009422242CB9D0028A45A /* Build configuration list for PBXNativeTarget "ffplayer" */;
			buildPhases = (
				3C4009292242CB9D0028A45A /* Headers */,
				3C40092A2242CB9D0028A45A /* Sources */,
				3C40092B2242CB9D0028A45A /* Frameworks */,
				3C40092C2242CB9D0028A45A /* Resources */,
			);
			buildRules = (
			);
			name = ffplayer;
			productName = ffplayer;
			productReference = 3C40092E2242CB9D0028A45A /* ffplayer.framework */;
			productType = "com.apple.product-type.framework";
		};
/* End PBXNativeTarget section */

/* Begin PBXProject section */
		3C4009252242CB9D0028A45A /* Project object */ = {
			isa = PBXProject;
			attributes = {
				BuildIndependentTargetsInParallel = YES;
				LastSwiftUpdateCheck = 1010;
				LastUpgradeCheck = 2610;
				ORGANIZATIONNAME = lithium03;
				TargetAttributes = {
					3C40092D2242CB9D0028A45A = {
						CreatedOnToolsVersion = 10.1;
						LastSwiftMigration = 1020;
					};
				};
			};
			buildConfigurationList = 3C4009282242CB9D0028A45A /* Build configuration list for PBXProject "ffplayer" */;
			developmentRegion = en;
			hasScannedForEncodings = 0;
			knownRegions = (
				en,
				Base,
				ja,
			);
			mainGroup = 3C4009242242CB9D0028A45A;
			preferredProjectObjectVersion = 90;
			productRefGroup = 3C40092F2242CB9D0028A45A /* Products */;
			projectDirPath = "";
			projectRoot = "";
			targets = (
				3C40092D2242CB9D0028A45A /* ffplayer */,
			);
		};
/* End PBXProject section */

/* Begin PBXResourcesBuildPhase section */
		3C40092C2242CB9D0028A45A /* Resources */ = {
			isa = PBXResourcesBuildPhase;
			files = (
				3F9151D0236C107A00E5EF65 /* Media.xcassets in Resources */,
				3F01301F2373A810004A2F8B /* Localizable.strings in Resources */,
			);
		};
/* End PBXResourcesBuildPhase section */

/* Begin PBXSourcesBuildPhase section */
		3C40092A2242CB9D0028A45A /* Sources */ = {
			isa = PBXSourcesBuildPhase;
			files = (
				BE2D3D0D2EB0B27A006DF15C /* FFPlayerUIView.swift in Sources */,
				3F9151D3236C10C700E5EF65 /* sound.swift in Sources */,
				3C4009722242DBA00028A45A /* player.swift in Sources */,
				3F9151CE236C101A00E5EF65 /* packetQueue.cpp in Sources */,
				3C11C0FF2243DDA6006EA640 /* player_base.cpp in Sources */,
				3C11C10E224429EC006EA640 /* player_main.c in Sources */,
			);
		};
/* End PBXSourcesBuildPhase section */

/* Begin PBXVariantGroup section */
		3F0130212373A810004A2F8B /* Localizable.strings */ = {
			isa = PBXVariantGroup;
			children = (
				3F0130222373A83B004A2F8B /* ja */,
				3F0130232373AA3A004A2F8B /* en */,
			);
			name = Localizable.strings;
			sourceTree = "<group>";
		};
/* End PBXVariantGroup section */

/* Begin XCBuildConfiguration section */
		3C4009402242CB9D0028A45A /* Debug configuration for PBXProject "ffplayer" */ = {
			isa = XCBuildConfiguration;
			buildSettings = {
				ALWAYS_SEARCH_USER_PATHS = NO;
				ASSETCATALOG_COMPILER_GENERATE_SWIFT_ASSET_SYMBOL_EXTENSIONS = YES;
				CLANG_ANALYZER_LOCALIZABILITY_NONLOCALIZED = YES;
				CLANG_ANALYZER_NONNULL = YES;
				CLANG_ANALYZER_NUMBER_OBJECT_CONVERSION = YES_AGGRESSIVE;
				CLANG_CXX_LANGUAGE_STANDARD = "gnu++14";
				CLANG_CXX_LIBRARY = "libc++";
				CLANG_ENABLE_MODULES = YES;
				CLANG_ENABLE_OBJC_ARC = YES;
				CLANG_ENABLE_OBJC_WEAK = YES;
				CLANG_WARN_BLOCK_CAPTURE_AUTORELEASING = YES;
				CLANG_WARN_BOOL_CONVERSION = YES;
				CLANG_WARN_COMMA = YES;
				CLANG_WARN_CONSTANT_CONVERSION = YES;
				CLANG_WARN_DEPRECATED_OBJC_IMPLEMENTATIONS = YES;
				CLANG_WARN_DIRECT_OBJC_ISA_USAGE = YES_ERROR;
				CLANG_WARN_DOCUMENTATION_COMMENTS = YES;
				CLANG_WARN_EMPTY_BODY = YES;
				CLANG_WARN_ENUM_CONVERSION = YES;
				CLANG_WARN_INFINITE_RECURSION = YES;
				CLANG_WARN_INT_CONVERSION = YES;
				CLANG_WARN_NON_LITERAL_NULL_CONVERSION = YES;
				CLANG_WARN_OBJC_IMPLICIT_RETAIN_SELF = YES;
				CLANG_WARN_OBJC_LITERAL_CONVERSION = YES;
				CLANG_WARN_OBJC_ROOT_CLASS = YES_ERROR;
				CLANG_WARN_QUOTED_INCLUDE_IN_FRAMEWORK_HEADER = YES;
				CLANG_WARN_RANGE_LOOP_ANALYSIS = YES;
				CLANG_WARN_STRICT_PROTOTYPES = YES;
				CLANG_WARN_SUSPICIOUS_MOVE = YES;
				CLANG_WARN_UNGUARDED_AVAILABILITY = YES_AGGRESSIVE;
				CLANG_WARN_UNREACHABLE_CODE = YES;
				CLANG_WARN__DUPLICATE_METHOD_MATCH = YES;
				CODE_SIGN_IDENTITY = "iPhone Developer";
				COPY_PHASE_STRIP = NO;
				CURRENT_PROJECT_VERSION = 1;
				DEBUG_INFORMATION_FORMAT = dwarf;
				DEVELOPMENT_TEAM = 7A9X38B4YU;
				ENABLE_STRICT_OBJC_MSGSEND = YES;
				ENABLE_TESTABILITY = YES;
				ENABLE_USER_SCRIPT_SANDBOXING = YES;
				GCC_C_LANGUAGE_STANDARD = gnu11;
				GCC_DYNAMIC_NO_PIC = NO;
				GCC_NO_COMMON_BLOCKS = YES;
				GCC_OPTIMIZATION_LEVEL = fast;
				GCC_PREPROCESSOR_DEFINITIONS = (
					"DEBUG=1",
					"$(inherited)",
				);
				GCC_WARN_64_TO_32_BIT_CONVERSION = YES;
				GCC_WARN_ABOUT_RETURN_TYPE = YES_ERROR;
				GCC_WARN_UNDECLARED_SELECTOR = YES;
				GCC_WARN_UNINITIALIZED_AUTOS = YES_AGGRESSIVE;
				GCC_WARN_UNUSED_FUNCTION = YES;
				GCC_WARN_UNUSED_VARIABLE = YES;
				IPHONEOS_DEPLOYMENT_TARGET = 12.0;
				MTL_ENABLE_DEBUG_INFO = INCLUDE_SOURCE;
				MTL_FAST_MATH = YES;
				ONLY_ACTIVE_ARCH = YES;
				SDKROOT = iphoneos;
				STRING_CATALOG_GENERATE_SYMBOLS = YES;
				SWIFT_ACTIVE_COMPILATION_CONDITIONS = DEBUG;
				SWIFT_EMIT_LOC_STRINGS = YES;
				SWIFT_OPTIMIZATION_LEVEL = "-O";
				VERSIONING_SYSTEM = "apple-generic";
				VERSION_INFO_PREFIX = "";
			};
			name = Debug;
		};
		3C4009412242CB9D0028A45A /* Release configuration for PBXProject "ffplayer" */ = {
			isa = XCBuildConfiguration;
			buildSettings = {
				ALWAYS_SEARCH_USER_PATHS = NO;
				ASSETCATALOG_COMPILER_GENERATE_SWIFT_ASSET_SYMBOL_EXTENSIONS = YES;
				CLANG_ANALYZER_LOCALIZABILITY_NONLOCALIZED = YES;
				CLANG_ANALYZER_NONNULL = YES;
				CLANG_ANALYZER_NUMBER_OBJECT_CONVERSION = YES_AGGRESSIVE;
				CLANG_CXX_LANGUAGE_STANDARD = "gnu++14";
				CLANG_CXX_LIBRARY = "libc++";
				CLANG_ENABLE_MODULES = YES;
				CLANG_ENABLE_OBJC_ARC = YES;
				CLANG_ENABLE_OBJC_WEAK = YES;
				CLANG_WARN_BLOCK_CAPTURE_AUTORELEASING = YES;
				CLANG_WARN_BOOL_CONVERSION = YES;
				CLANG_WARN_COMMA = YES;
				CLANG_WARN_CONSTANT_CONVERSION = YES;
				CLANG_WARN_DEPRECATED_OBJC_IMPLEMENTATIONS = YES;
				CLANG_WARN_DIRECT_OBJC_ISA_USAGE = YES_ERROR;
				CLANG_WARN_DOCUMENTATION_COMMENTS = YES;
				CLANG_WARN_EMPTY_BODY = YES;
				CLANG_WARN_ENUM_CONVERSION = YES;
				CLANG_WARN_INFINITE_RECURSION = YES;
				CLANG_WARN_INT_CONVERSION = YES;
				CLANG_WARN_NON_LITERAL_NULL_CONVERSION = YES;
				CLANG_WARN_OBJC_IMPLICIT_RETAIN_SELF = YES;
				CLANG_WARN_OBJC_LITERAL_CONVERSION = YES;
				CLANG_WARN_OBJC_ROOT_CLASS = YES_ERROR;
				CLANG_WARN_QUOTED_INCLUDE_IN_FRAMEWORK_HEADER = YES;
				CLANG_WARN_RANGE_LOOP_ANALYSIS = YES;
				CLANG_WARN_STRICT_PROTOTYPES = YES;
				CLANG_WARN_SUSPICIOUS_MOVE = YES;
				CLANG_WARN_UNGUARDED_AVAILABILITY = YES_AGGRESSIVE;
				CLANG_WARN_UNREACHABLE_CODE = YES;
				CLANG_WARN__DUPLICATE_METHOD_MATCH = YES;
				CODE_SIGN_IDENTITY = "iPhone Developer";
				COPY_PHASE_STRIP = NO;
				CURRENT_PROJECT_VERSION = 1;
				DEBUG_INFORMATION_FORMAT = "dwarf-with-dsym";
				DEVELOPMENT_TEAM = 7A9X38B4YU;
				ENABLE_NS_ASSERTIONS = NO;
				ENABLE_STRICT_OBJC_MSGSEND = YES;
				ENABLE_USER_SCRIPT_SANDBOXING = YES;
				GCC_C_LANGUAGE_STANDARD = gnu11;
				GCC_NO_COMMON_BLOCKS = YES;
				GCC_OPTIMIZATION_LEVEL = fast;
				GCC_WARN_64_TO_32_BIT_CONVERSION = YES;
				GCC_WARN_ABOUT_RETURN_TYPE = YES_ERROR;
				GCC_WARN_UNDECLARED_SELECTOR = YES;
				GCC_WARN_UNINITIALIZED_AUTOS = YES_AGGRESSIVE;
				GCC_WARN_UNUSED_FUNCTION = YES;
				GCC_WARN_UNUSED_VARIABLE = YES;
				IPHONEOS_DEPLOYMENT_TARGET = 12.0;
				MTL_ENABLE_DEBUG_INFO = NO;
				MTL_FAST_MATH = YES;
				SDKROOT = iphoneos;
				STRING_CATALOG_GENERATE_SYMBOLS = YES;
				SWIFT_COMPILATION_MODE = wholemodule;
				SWIFT_EMIT_LOC_STRINGS = YES;
				SWIFT_OPTIMIZATION_LEVEL = "-O";
				VALIDATE_PRODUCT = YES;
				VERSIONING_SYSTEM = "apple-generic";
				VERSION_INFO_PREFIX = "";
			};
			name = Release;
		};
		3C4009432242CB9D0028A45A /* Debug configuration for PBXNativeTarget "ffplayer" */ = {
			isa = XCBuildConfiguration;
			buildSettings = {
				APPLICATION_EXTENSION_API_ONLY = NO;
				CLANG_ENABLE_MODULES = YES;
				CODE_SIGN_IDENTITY = "";
				CODE_SIGN_STYLE = Automatic;
				DEFINES_MODULE = YES;
				DYLIB_COMPATIBILITY_VERSION = 1;
				DYLIB_CURRENT_VERSION = 1;
				DYLIB_INSTALL_NAME_BASE = "@rpath";
				ENABLE_MODULE_VERIFIER = YES;
				GCC_OPTIMIZATION_LEVEL = 0;
				HEADER_SEARCH_PATHS = ../work/output/include;
				INFOPLIST_FILE = ffplayer/Info.plist;
				INSTALL_PATH = "$(LOCAL_LIBRARY_DIR)/Frameworks";
				IPHONEOS_DEPLOYMENT_TARGET = 26.0;
				LD_RUNPATH_SEARCH_PATHS = (
					"$(inherited)",
					"@executable_path/Frameworks",
					"@loader_path/Frameworks",
				);
				LIBRARY_SEARCH_PATHS = "$(PROJECT_DIR)";
				MODULE_VERIFIER_SUPPORTED_LANGUAGE_STANDARDS = "gnu11 gnu++14";
				ONLY_ACTIVE_ARCH = YES;
				PRODUCT_BUNDLE_IDENTIFIER = info.lithium03.ffplayer;
				PRODUCT_NAME = "$(TARGET_NAME:c99extidentifier)";
				SKIP_INSTALL = YES;
				SUPPORTED_PLATFORMS = "iphoneos iphonesimulator";
				SUPPORTS_MACCATALYST = NO;
				SWIFT_OBJC_BRIDGING_HEADER = "";
				SWIFT_OPTIMIZATION_LEVEL = "-O";
				SWIFT_VERSION = 5.0;
				TARGETED_DEVICE_FAMILY = "1,2";
				USER_HEADER_SEARCH_PATHS = "";
			};
			name = Debug;
		};
		3C4009442242CB9D0028A45A /* Release configuration for PBXNativeTarget "ffplayer" */ = {
			isa = XCBuildConfiguration;
			buildSettings = {
				APPLICATION_EXTENSION_API_ONLY = NO;
				CLANG_ENABLE_MODULES = YES;
				CODE_SIGN_IDENTITY = "";
				CODE_SIGN_STYLE = Automatic;
				DEFINES_MODULE = YES;
				DYLIB_COMPATIBILITY_VERSION = 1;
				DYLIB_CURRENT_VERSION = 1;
				DYLIB_INSTALL_NAME_BASE = "@rpath";
				ENABLE_MODULE_VERIFIER = YES;
				GCC_OPTIMIZATION_LEVEL = s;
				HEADER_SEARCH_PATHS = ../work/output/include;
				INFOPLIST_FILE = ffplayer/Info.plist;
				INSTALL_PATH = "$(LOCAL_LIBRARY_DIR)/Frameworks";
				IPHONEOS_DEPLOYMENT_TARGET = 26.0;
				LD_RUNPATH_SEARCH_PATHS = (
					"$(inherited)",
					"@executable_path/Frameworks",
					"@loader_path/Frameworks",
				);
				LIBRARY_SEARCH_PATHS = "$(PROJECT_DIR)";
				MODULE_VERIFIER_SUPPORTED_LANGUAGE_STANDARDS = "gnu11 gnu++14";
				PRODUCT_BUNDLE_IDENTIFIER = info.lithium03.ffplayer;
				PRODUCT_NAME = "$(TARGET_NAME:c99extidentifier)";
				SKIP_INSTALL = YES;
				SUPPORTED_PLATFORMS = "iphoneos iphonesimulator";
				SUPPORTS_MACCATALYST = NO;
				SWIFT_OBJC_BRIDGING_HEADER = "";
				SWIFT_OPTIMIZATION_LEVEL = "-O";
				SWIFT_VERSION = 5.0;
				TARGETED_DEVICE_FAMILY = "1,2";
				USER_HEADER_SEARCH_PATHS = "";
			};
			name = Release;
		};
/* End XCBuildConfiguration section */

/* Begin XCConfigurationList section */
		3C4009282242CB9D0028A45A /* Build configuration list for PBXProject "ffplayer" */ = {
			isa = XCConfigurationList;
			buildConfigurations = (
				3C4009402242CB9D0028A45A /* Debug configuration for PBXProject "ffplayer" */,
				3C4009412242CB9D0028A45A /* Release configuration for PBXProject "ffplayer" */,
			);
			defaultConfigurationName = Release;
		};
		3C4009422242CB9D0028A45A /* Build configuration list for PBXNativeTarget "ffplayer" */ = {
			isa = XCConfigurationList;
			buildConfigurations = (
				3C4009432242CB9D0028A45A /* Debug configuration for PBXNativeTarget "ffplayer" */,
				3C4009442242CB9D0028A45A /* Release configuration for PBXNativeTarget "ffplayer" */,
			);
			defaultConfigurationName = Release;
		};
/* End XCConfigurationList section */
	};
	rootObject = 3C4009252242CB9D0028A45A /* Project object */;
}
